// !$*UTF8*$!
{
	archiveVersion = 1;
	classes = {
	};
	objectVersion = 51;
	objects = {

/* Begin PBXBuildFile section */
		1219E06918EE24D5484AA823 /* Pods_SlimHUD.framework in Frameworks */ = {isa = PBXBuildFile; fileRef = 335F277FDB5CB464DEAB1AF9 /* Pods_SlimHUD.framework */; };
		FA12C21124EA934800F92CA3 /* SettingsWindowControllerDelegate.swift in Sources */ = {isa = PBXBuildFile; fileRef = FA12C21024EA934800F92CA3 /* SettingsWindowControllerDelegate.swift */; };
		FA12C21324EA937800F92CA3 /* SettingsViewController+General.swift in Sources */ = {isa = PBXBuildFile; fileRef = FA12C21224EA937800F92CA3 /* SettingsViewController+General.swift */; };
		FA12C21524EA93A500F92CA3 /* SettingsViewController+Position.swift in Sources */ = {isa = PBXBuildFile; fileRef = FA12C21424EA93A500F92CA3 /* SettingsViewController+Position.swift */; };
		FA12C21724EA93DF00F92CA3 /* SettingsViewController+Style.swift in Sources */ = {isa = PBXBuildFile; fileRef = FA12C21624EA93DF00F92CA3 /* SettingsViewController+Style.swift */; };
		FA131C2F24683CBD005908FF /* MainMenu.storyboard in Resources */ = {isa = PBXBuildFile; fileRef = FA131C2E24683CBD005908FF /* MainMenu.storyboard */; };
		FA262AE0240E6A9900BFC2D1 /* SettingsViewController.swift in Sources */ = {isa = PBXBuildFile; fileRef = FA262ADF240E6A9900BFC2D1 /* SettingsViewController.swift */; };
		FA262AE2240E6AA000BFC2D1 /* SettingsController.swift in Sources */ = {isa = PBXBuildFile; fileRef = FA262AE1240E6AA000BFC2D1 /* SettingsController.swift */; };
		FA51B9602469D4510095C8B7 /* AboutWindowController.swift in Sources */ = {isa = PBXBuildFile; fileRef = FA51B95F2469D4510095C8B7 /* AboutWindowController.swift */; };
		FA55B98C2423FE180071E6D9 /* NSImageExtension.swift in Sources */ = {isa = PBXBuildFile; fileRef = FA55B98B2423FE180071E6D9 /* NSImageExtension.swift */; };
		FA55D1E8247D49DC005D3E00 /* LoginItemList.swift in Sources */ = {isa = PBXBuildFile; fileRef = FA55D1E7247D49DC005D3E00 /* LoginItemList.swift */; };
		FA5C77EC240B077E004E0937 /* BaseView.swift in Sources */ = {isa = PBXBuildFile; fileRef = FA5C77E9240B077E004E0937 /* BaseView.swift */; };
		FA5C77ED240B077E004E0937 /* ProgressBar.swift in Sources */ = {isa = PBXBuildFile; fileRef = FA5C77EA240B077E004E0937 /* ProgressBar.swift */; };
		FA5C77EE240B077E004E0937 /* DeterminateAnimation.swift in Sources */ = {isa = PBXBuildFile; fileRef = FA5C77EB240B077E004E0937 /* DeterminateAnimation.swift */; };
		FA623A612468591400A6ABCB /* BarView.xib in Resources */ = {isa = PBXBuildFile; fileRef = FA623A602468591400A6ABCB /* BarView.xib */; };
		FA623A6324685DD000A6ABCB /* BarView.swift in Sources */ = {isa = PBXBuildFile; fileRef = FA623A6224685DD000A6ABCB /* BarView.swift */; };
		FA69AC8723F9E2E600AA73FD /* AppDelegate.swift in Sources */ = {isa = PBXBuildFile; fileRef = FA69AC8623F9E2E600AA73FD /* AppDelegate.swift */; };
		FA69AC8B23F9E2E700AA73FD /* Assets.xcassets in Resources */ = {isa = PBXBuildFile; fileRef = FA69AC8A23F9E2E700AA73FD /* Assets.xcassets */; };
		FA78F53F242FA73000785678 /* SettingsPreview.swift in Sources */ = {isa = PBXBuildFile; fileRef = FA78F53E242FA73000785678 /* SettingsPreview.swift */; };
		FAA1D1A129506ED3006F6936 /* NSButtonExtension.swift in Sources */ = {isa = PBXBuildFile; fileRef = FAA1D1A029506ED3006F6936 /* NSButtonExtension.swift */; };
		FAA1D1A529506F00006F6936 /* NSControlExtension.swift in Sources */ = {isa = PBXBuildFile; fileRef = FAA1D1A429506F00006F6936 /* NSControlExtension.swift */; };
		FAA1D1A829506F0E006F6936 /* BoolExtension.swift in Sources */ = {isa = PBXBuildFile; fileRef = FAA1D1A729506F0E006F6936 /* BoolExtension.swift */; };
		FAA1D1AB29506F26006F6936 /* NSViewExtension.swift in Sources */ = {isa = PBXBuildFile; fileRef = FAA1D1AA29506F25006F6936 /* NSViewExtension.swift */; };
		FAA1D1AE29506F4F006F6936 /* NSSegmentedControlExtension.swift in Sources */ = {isa = PBXBuildFile; fileRef = FAA1D1AD29506F4F006F6936 /* NSSegmentedControlExtension.swift */; };
		FAA1D1B229506F8D006F6936 /* Errors.swift in Sources */ = {isa = PBXBuildFile; fileRef = FAA1D1B129506F8D006F6936 /* Errors.swift */; };
		FAA1D1B62950724B006F6936 /* VolumeManager.swift in Sources */ = {isa = PBXBuildFile; fileRef = FAA1D1B52950724B006F6936 /* VolumeManager.swift */; };
		FAA1D1BB295073F4006F6936 /* DisplayManager.swift in Sources */ = {isa = PBXBuildFile; fileRef = FAA1D1BA295073F4006F6936 /* DisplayManager.swift */; };
		FAA1D1C12950764D006F6936 /* KeyboardManager.swift in Sources */ = {isa = PBXBuildFile; fileRef = FAA1D1C02950764D006F6936 /* KeyboardManager.swift */; };
		FAA1D1C429507814006F6936 /* Position.swift in Sources */ = {isa = PBXBuildFile; fileRef = FAA1D1C329507814006F6936 /* Position.swift */; };
		FAA1D1C729509317006F6936 /* EnabledBars.swift in Sources */ = {isa = PBXBuildFile; fileRef = FAA1D1C629509317006F6936 /* EnabledBars.swift */; };
		FAAFCD872458768E009E5E2E /* About.storyboard in Resources */ = {isa = PBXBuildFile; fileRef = FAAFCD862458768E009E5E2E /* About.storyboard */; };
		FAAFCD8924588785009E5E2E /* AboutViewController.swift in Sources */ = {isa = PBXBuildFile; fileRef = FAAFCD8824588785009E5E2E /* AboutViewController.swift */; };
		FABE1FDA23FEF17B009AD01F /* AppleScriptRunner.swift in Sources */ = {isa = PBXBuildFile; fileRef = FABE1FD923FEF17B009AD01F /* AppleScriptRunner.swift */; };
		FABE1FDC23FEF17E009AD01F /* ObserverApplication.swift in Sources */ = {isa = PBXBuildFile; fileRef = FABE1FDB23FEF17E009AD01F /* ObserverApplication.swift */; };
		FACD8CB02950971A00B1A786 /* UserDefaultsManager.swift in Sources */ = {isa = PBXBuildFile; fileRef = FACD8CAF2950971A00B1A786 /* UserDefaultsManager.swift */; };
		FACD8CB429509ED100B1A786 /* PositionManager.swift in Sources */ = {isa = PBXBuildFile; fileRef = FACD8CB329509ED100B1A786 /* PositionManager.swift */; };
		FAD58AAB24570B9F00E6E0D9 /* Settings.storyboard in Resources */ = {isa = PBXBuildFile; fileRef = FAD58AAA24570B9F00E6E0D9 /* Settings.storyboard */; };
		FAD58AAD2457139100E6E0D9 /* SettingsWindowController.swift in Sources */ = {isa = PBXBuildFile; fileRef = FAD58AAC2457139100E6E0D9 /* SettingsWindowController.swift */; };
		FAF5F6532406D1480011B766 /* Hud.swift in Sources */ = {isa = PBXBuildFile; fileRef = FAF5F6522406D1480011B766 /* Hud.swift */; };
		FAF5F6552408445F0011B766 /* dbrightness in Resources */ = {isa = PBXBuildFile; fileRef = FAF5F6542408445F0011B766 /* dbrightness */; };
		FAF5F658240875800011B766 /* LICENSE in Resources */ = {isa = PBXBuildFile; fileRef = FAF5F6572408757F0011B766 /* LICENSE */; };
/* End PBXBuildFile section */

/* Begin PBXFileReference section */
		335F277FDB5CB464DEAB1AF9 /* Pods_SlimHUD.framework */ = {isa = PBXFileReference; explicitFileType = wrapper.framework; includeInIndex = 0; path = Pods_SlimHUD.framework; sourceTree = BUILT_PRODUCTS_DIR; };
		A76B91BA76461B0592D9CAA5 /* Pods-SlimHUD.debug.xcconfig */ = {isa = PBXFileReference; includeInIndex = 1; lastKnownFileType = text.xcconfig; name = "Pods-SlimHUD.debug.xcconfig"; path = "Target Support Files/Pods-SlimHUD/Pods-SlimHUD.debug.xcconfig"; sourceTree = "<group>"; };
		B4665C4192BCA42C48DA9C4D /* Pods-SlimHUD.release.xcconfig */ = {isa = PBXFileReference; includeInIndex = 1; lastKnownFileType = text.xcconfig; name = "Pods-SlimHUD.release.xcconfig"; path = "Target Support Files/Pods-SlimHUD/Pods-SlimHUD.release.xcconfig"; sourceTree = "<group>"; };
		FA12C21024EA934800F92CA3 /* SettingsWindowControllerDelegate.swift */ = {isa = PBXFileReference; lastKnownFileType = sourcecode.swift; path = SettingsWindowControllerDelegate.swift; sourceTree = "<group>"; };
		FA12C21224EA937800F92CA3 /* SettingsViewController+General.swift */ = {isa = PBXFileReference; lastKnownFileType = sourcecode.swift; path = "SettingsViewController+General.swift"; sourceTree = "<group>"; };
		FA12C21424EA93A500F92CA3 /* SettingsViewController+Position.swift */ = {isa = PBXFileReference; lastKnownFileType = sourcecode.swift; path = "SettingsViewController+Position.swift"; sourceTree = "<group>"; };
		FA12C21624EA93DF00F92CA3 /* SettingsViewController+Style.swift */ = {isa = PBXFileReference; lastKnownFileType = sourcecode.swift; path = "SettingsViewController+Style.swift"; sourceTree = "<group>"; };
		FA131C2E24683CBD005908FF /* MainMenu.storyboard */ = {isa = PBXFileReference; lastKnownFileType = file.storyboard; path = MainMenu.storyboard; sourceTree = "<group>"; };
		FA262ADF240E6A9900BFC2D1 /* SettingsViewController.swift */ = {isa = PBXFileReference; lastKnownFileType = sourcecode.swift; path = SettingsViewController.swift; sourceTree = "<group>"; };
		FA262AE1240E6AA000BFC2D1 /* SettingsController.swift */ = {isa = PBXFileReference; lastKnownFileType = sourcecode.swift; path = SettingsController.swift; sourceTree = "<group>"; };
		FA51B95F2469D4510095C8B7 /* AboutWindowController.swift */ = {isa = PBXFileReference; lastKnownFileType = sourcecode.swift; path = AboutWindowController.swift; sourceTree = "<group>"; };
		FA55B98B2423FE180071E6D9 /* NSImageExtension.swift */ = {isa = PBXFileReference; lastKnownFileType = sourcecode.swift; path = NSImageExtension.swift; sourceTree = "<group>"; };
		FA55D1E7247D49DC005D3E00 /* LoginItemList.swift */ = {isa = PBXFileReference; lastKnownFileType = sourcecode.swift; name = LoginItemList.swift; path = SlimHUD/Services/LoginItemList.swift; sourceTree = SOURCE_ROOT; };
		FA5C77E9240B077E004E0937 /* BaseView.swift */ = {isa = PBXFileReference; fileEncoding = 4; lastKnownFileType = sourcecode.swift; path = BaseView.swift; sourceTree = "<group>"; };
		FA5C77EA240B077E004E0937 /* ProgressBar.swift */ = {isa = PBXFileReference; fileEncoding = 4; lastKnownFileType = sourcecode.swift; path = ProgressBar.swift; sourceTree = "<group>"; };
		FA5C77EB240B077E004E0937 /* DeterminateAnimation.swift */ = {isa = PBXFileReference; fileEncoding = 4; lastKnownFileType = sourcecode.swift; path = DeterminateAnimation.swift; sourceTree = "<group>"; };
		FA623A602468591400A6ABCB /* BarView.xib */ = {isa = PBXFileReference; fileEncoding = 4; lastKnownFileType = file.xib; path = BarView.xib; sourceTree = "<group>"; };
		FA623A6224685DD000A6ABCB /* BarView.swift */ = {isa = PBXFileReference; lastKnownFileType = sourcecode.swift; path = BarView.swift; sourceTree = "<group>"; };
		FA69AC8323F9E2E600AA73FD /* SlimHUD.app */ = {isa = PBXFileReference; explicitFileType = wrapper.application; includeInIndex = 0; path = SlimHUD.app; sourceTree = BUILT_PRODUCTS_DIR; };
		FA69AC8623F9E2E600AA73FD /* AppDelegate.swift */ = {isa = PBXFileReference; lastKnownFileType = sourcecode.swift; path = AppDelegate.swift; sourceTree = "<group>"; };
		FA69AC8A23F9E2E700AA73FD /* Assets.xcassets */ = {isa = PBXFileReference; lastKnownFileType = folder.assetcatalog; path = Assets.xcassets; sourceTree = "<group>"; };
		FA69AC8F23F9E2E700AA73FD /* Info.plist */ = {isa = PBXFileReference; lastKnownFileType = text.plist.xml; path = Info.plist; sourceTree = "<group>"; };
		FA69AC9023F9E2E700AA73FD /* SlimHUD.entitlements */ = {isa = PBXFileReference; lastKnownFileType = text.plist.entitlements; path = SlimHUD.entitlements; sourceTree = "<group>"; };
		FA78F53E242FA73000785678 /* SettingsPreview.swift */ = {isa = PBXFileReference; lastKnownFileType = sourcecode.swift; path = SettingsPreview.swift; sourceTree = "<group>"; };
		FAA1D1A029506ED3006F6936 /* NSButtonExtension.swift */ = {isa = PBXFileReference; lastKnownFileType = sourcecode.swift; path = NSButtonExtension.swift; sourceTree = "<group>"; };
		FAA1D1A429506F00006F6936 /* NSControlExtension.swift */ = {isa = PBXFileReference; lastKnownFileType = sourcecode.swift; path = NSControlExtension.swift; sourceTree = "<group>"; };
		FAA1D1A729506F0E006F6936 /* BoolExtension.swift */ = {isa = PBXFileReference; lastKnownFileType = sourcecode.swift; path = BoolExtension.swift; sourceTree = "<group>"; };
		FAA1D1AA29506F25006F6936 /* NSViewExtension.swift */ = {isa = PBXFileReference; lastKnownFileType = sourcecode.swift; path = NSViewExtension.swift; sourceTree = "<group>"; };
		FAA1D1AD29506F4F006F6936 /* NSSegmentedControlExtension.swift */ = {isa = PBXFileReference; lastKnownFileType = sourcecode.swift; path = NSSegmentedControlExtension.swift; sourceTree = "<group>"; };
		FAA1D1B129506F8D006F6936 /* Errors.swift */ = {isa = PBXFileReference; lastKnownFileType = sourcecode.swift; path = Errors.swift; sourceTree = "<group>"; };
		FAA1D1B52950724B006F6936 /* VolumeManager.swift */ = {isa = PBXFileReference; lastKnownFileType = sourcecode.swift; path = VolumeManager.swift; sourceTree = "<group>"; };
		FAA1D1BA295073F4006F6936 /* DisplayManager.swift */ = {isa = PBXFileReference; lastKnownFileType = sourcecode.swift; path = DisplayManager.swift; sourceTree = "<group>"; };
		FAA1D1C02950764D006F6936 /* KeyboardManager.swift */ = {isa = PBXFileReference; lastKnownFileType = sourcecode.swift; path = KeyboardManager.swift; sourceTree = "<group>"; };
		FAA1D1C329507814006F6936 /* Position.swift */ = {isa = PBXFileReference; lastKnownFileType = sourcecode.swift; path = Position.swift; sourceTree = "<group>"; };
		FAA1D1C629509317006F6936 /* EnabledBars.swift */ = {isa = PBXFileReference; lastKnownFileType = sourcecode.swift; path = EnabledBars.swift; sourceTree = "<group>"; };
		FAAFCD862458768E009E5E2E /* About.storyboard */ = {isa = PBXFileReference; lastKnownFileType = file.storyboard; path = About.storyboard; sourceTree = "<group>"; };
		FAAFCD8824588785009E5E2E /* AboutViewController.swift */ = {isa = PBXFileReference; lastKnownFileType = sourcecode.swift; path = AboutViewController.swift; sourceTree = "<group>"; };
		FABE1FD923FEF17B009AD01F /* AppleScriptRunner.swift */ = {isa = PBXFileReference; fileEncoding = 4; lastKnownFileType = sourcecode.swift; path = AppleScriptRunner.swift; sourceTree = "<group>"; };
		FABE1FDB23FEF17E009AD01F /* ObserverApplication.swift */ = {isa = PBXFileReference; fileEncoding = 4; lastKnownFileType = sourcecode.swift; path = ObserverApplication.swift; sourceTree = "<group>"; };
		FACD8CAF2950971A00B1A786 /* UserDefaultsManager.swift */ = {isa = PBXFileReference; lastKnownFileType = sourcecode.swift; name = UserDefaultsManager.swift; path = SlimHUD/Controllers/UserDefaultsManager.swift; sourceTree = SOURCE_ROOT; };
		FACD8CB329509ED100B1A786 /* PositionManager.swift */ = {isa = PBXFileReference; lastKnownFileType = sourcecode.swift; path = PositionManager.swift; sourceTree = "<group>"; };
		FAD58AAA24570B9F00E6E0D9 /* Settings.storyboard */ = {isa = PBXFileReference; lastKnownFileType = file.storyboard; path = Settings.storyboard; sourceTree = "<group>"; };
		FAD58AAC2457139100E6E0D9 /* SettingsWindowController.swift */ = {isa = PBXFileReference; lastKnownFileType = sourcecode.swift; path = SettingsWindowController.swift; sourceTree = "<group>"; };
		FAF5F6522406D1480011B766 /* Hud.swift */ = {isa = PBXFileReference; lastKnownFileType = sourcecode.swift; path = Hud.swift; sourceTree = "<group>"; };
		FAF5F6542408445F0011B766 /* dbrightness */ = {isa = PBXFileReference; lastKnownFileType = "compiled.mach-o.executable"; path = dbrightness; sourceTree = "<group>"; };
		FAF5F6572408757F0011B766 /* LICENSE */ = {isa = PBXFileReference; fileEncoding = 4; lastKnownFileType = text; path = LICENSE; sourceTree = "<group>"; };
/* End PBXFileReference section */

/* Begin PBXFrameworksBuildPhase section */
		FAE5E633244387AB0029471E /* Frameworks */ = {
			isa = PBXFrameworksBuildPhase;
			buildActionMask = 2147483647;
			files = (
				1219E06918EE24D5484AA823 /* Pods_SlimHUD.framework in Frameworks */,
			);
			runOnlyForDeploymentPostprocessing = 0;
		};
/* End PBXFrameworksBuildPhase section */

/* Begin PBXGroup section */
		2C740C1723CB20354D1E13A6 /* Pods */ = {
			isa = PBXGroup;
			children = (
				A76B91BA76461B0592D9CAA5 /* Pods-SlimHUD.debug.xcconfig */,
				B4665C4192BCA42C48DA9C4D /* Pods-SlimHUD.release.xcconfig */,
			);
			path = Pods;
			sourceTree = "<group>";
		};
		FA12C21824EA9D5F00F92CA3 /* SettingsViewController */ = {
			isa = PBXGroup;
			children = (
				FA262ADF240E6A9900BFC2D1 /* SettingsViewController.swift */,
				FA12C21624EA93DF00F92CA3 /* SettingsViewController+Style.swift */,
				FA12C21424EA93A500F92CA3 /* SettingsViewController+Position.swift */,
				FA12C21224EA937800F92CA3 /* SettingsViewController+General.swift */,
			);
			path = SettingsViewController;
			sourceTree = "<group>";
		};
		FA262AE5240E9EEF00BFC2D1 /* Settings */ = {
			isa = PBXGroup;
			children = (
				FAD58AAA24570B9F00E6E0D9 /* Settings.storyboard */,
				FA12C21824EA9D5F00F92CA3 /* SettingsViewController */,
				FA78F53E242FA73000785678 /* SettingsPreview.swift */,
			);
			path = Settings;
			sourceTree = "<group>";
		};
		FA51B9612469D52F0095C8B7 /* Views */ = {
			isa = PBXGroup;
			children = (
				FAF5F6522406D1480011B766 /* Hud.swift */,
				FA5C77E8240B0753004E0937 /* Kauntey Suryawanshi */,
				FA623A6424685DDB00A6ABCB /* BarView */,
				FA131C2E24683CBD005908FF /* MainMenu.storyboard */,
				FA262AE5240E9EEF00BFC2D1 /* Settings */,
				FAAFCD8A24588A68009E5E2E /* About */,
			);
			path = Views;
			sourceTree = "<group>";
		};
		FA51B9622469D5470095C8B7 /* Support */ = {
			isa = PBXGroup;
			children = (
				FA69AC8F23F9E2E700AA73FD /* Info.plist */,
				FA69AC9023F9E2E700AA73FD /* SlimHUD.entitlements */,
				FAF5F656240875670011B766 /* Nick Sweeting */,
			);
			path = Support;
			sourceTree = "<group>";
		};
		FA5C77E8240B0753004E0937 /* Kauntey Suryawanshi */ = {
			isa = PBXGroup;
			children = (
				FA5C77E9240B077E004E0937 /* BaseView.swift */,
				FA5C77EB240B077E004E0937 /* DeterminateAnimation.swift */,
				FA5C77EA240B077E004E0937 /* ProgressBar.swift */,
			);
			path = "Kauntey Suryawanshi";
			sourceTree = "<group>";
		};
		FA623A6424685DDB00A6ABCB /* BarView */ = {
			isa = PBXGroup;
			children = (
				FA623A602468591400A6ABCB /* BarView.xib */,
				FA623A6224685DD000A6ABCB /* BarView.swift */,
			);
			path = BarView;
			sourceTree = "<group>";
		};
		FA69AC7A23F9E2E600AA73FD = {
			isa = PBXGroup;
			children = (
				FA69AC8523F9E2E600AA73FD /* SlimHUD */,
				FA69AC8423F9E2E600AA73FD /* Products */,
				FAE5E634244387C70029471E /* Frameworks */,
				2C740C1723CB20354D1E13A6 /* Pods */,
			);
			sourceTree = "<group>";
		};
		FA69AC8423F9E2E600AA73FD /* Products */ = {
			isa = PBXGroup;
			children = (
				FA69AC8323F9E2E600AA73FD /* SlimHUD.app */,
			);
			name = Products;
			sourceTree = "<group>";
		};
		FA69AC8523F9E2E600AA73FD /* SlimHUD */ = {
			isa = PBXGroup;
			children = (
				FAA1D19E29506E8B006F6936 /* Controllers */,
				FAA1D19C29506E66006F6936 /* Services */,
				FA69AC8623F9E2E600AA73FD /* AppDelegate.swift */,
				FAA1D1B029506F7B006F6936 /* Errors */,
				FAA1D19F29506E9F006F6936 /* Extensions */,
				FA51B9622469D5470095C8B7 /* Support */,
				FA51B9612469D52F0095C8B7 /* Views */,
				FA69AC8A23F9E2E700AA73FD /* Assets.xcassets */,
			);
			path = SlimHUD;
			sourceTree = "<group>";
		};
		FAA1D19C29506E66006F6936 /* Services */ = {
			isa = PBXGroup;
			children = (
				FACD8CAF2950971A00B1A786 /* UserDefaultsManager.swift */,
				FACD8CB329509ED100B1A786 /* PositionManager.swift */,
				FABE1FDB23FEF17E009AD01F /* ObserverApplication.swift */,
				FABE1FD923FEF17B009AD01F /* AppleScriptRunner.swift */,
				FAA1D1BA295073F4006F6936 /* DisplayManager.swift */,
				FAA1D1C02950764D006F6936 /* KeyboardManager.swift */,
				FAA1D1B52950724B006F6936 /* VolumeManager.swift */,
				FA55D1E7247D49DC005D3E00 /* LoginItemList.swift */,
			);
			path = Services;
			sourceTree = "<group>";
		};
		FAA1D19E29506E8B006F6936 /* Controllers */ = {
			isa = PBXGroup;
			children = (
				FA51B95F2469D4510095C8B7 /* AboutWindowController.swift */,
				FA12C21024EA934800F92CA3 /* SettingsWindowControllerDelegate.swift */,
				FAD58AAC2457139100E6E0D9 /* SettingsWindowController.swift */,
				FA262AE1240E6AA000BFC2D1 /* SettingsController.swift */,
			);
			path = Controllers;
			sourceTree = "<group>";
		};
		FAA1D19F29506E9F006F6936 /* Extensions */ = {
			isa = PBXGroup;
			children = (
				FA55B98B2423FE180071E6D9 /* NSImageExtension.swift */,
				FAA1D1AD29506F4F006F6936 /* NSSegmentedControlExtension.swift */,
				FAA1D1AA29506F25006F6936 /* NSViewExtension.swift */,
				FAA1D1A729506F0E006F6936 /* BoolExtension.swift */,
				FAA1D1A029506ED3006F6936 /* NSButtonExtension.swift */,
				FAA1D1A429506F00006F6936 /* NSControlExtension.swift */,
				FAA1D1C329507814006F6936 /* Position.swift */,
				FAA1D1C629509317006F6936 /* EnabledBars.swift */,
			);
			path = Extensions;
			sourceTree = "<group>";
		};
		FAA1D1B029506F7B006F6936 /* Errors */ = {
			isa = PBXGroup;
			children = (
				FAA1D1B129506F8D006F6936 /* Errors.swift */,
			);
			path = Errors;
			sourceTree = "<group>";
		};
		FAAFCD8A24588A68009E5E2E /* About */ = {
			isa = PBXGroup;
			children = (
				FAAFCD8824588785009E5E2E /* AboutViewController.swift */,
				FAAFCD862458768E009E5E2E /* About.storyboard */,
			);
			path = About;
			sourceTree = "<group>";
		};
		FAE5E634244387C70029471E /* Frameworks */ = {
			isa = PBXGroup;
			children = (
				335F277FDB5CB464DEAB1AF9 /* Pods_SlimHUD.framework */,
			);
			name = Frameworks;
			sourceTree = "<group>";
		};
		FAF5F656240875670011B766 /* Nick Sweeting */ = {
			isa = PBXGroup;
			children = (
				FAF5F6572408757F0011B766 /* LICENSE */,
				FAF5F6542408445F0011B766 /* dbrightness */,
			);
			path = "Nick Sweeting";
			sourceTree = "<group>";
		};
/* End PBXGroup section */

/* Begin PBXNativeTarget section */
		FA69AC8223F9E2E600AA73FD /* SlimHUD */ = {
			isa = PBXNativeTarget;
			buildConfigurationList = FA69AC9323F9E2E700AA73FD /* Build configuration list for PBXNativeTarget "SlimHUD" */;
			buildPhases = (
				6C92E8366EB7453FD3714FCE /* [CP] Check Pods Manifest.lock */,
				FA69AC7F23F9E2E600AA73FD /* Sources */,
				FA69AC8123F9E2E600AA73FD /* Resources */,
				FAE5E633244387AB0029471E /* Frameworks */,
				665749C72B21B13DDD9DC418 /* [CP] Embed Pods Frameworks */,
			);
			buildRules = (
			);
			dependencies = (
			);
			name = SlimHUD;
			productName = SlimHUD;
			productReference = FA69AC8323F9E2E600AA73FD /* SlimHUD.app */;
			productType = "com.apple.product-type.application";
		};
/* End PBXNativeTarget section */

/* Begin PBXProject section */
		FA69AC7B23F9E2E600AA73FD /* Project object */ = {
			isa = PBXProject;
			attributes = {
				LastSwiftUpdateCheck = 1130;
				LastUpgradeCheck = 1200;
				ORGANIZATIONNAME = "Alex Perathoner";
				TargetAttributes = {
					FA69AC8223F9E2E600AA73FD = {
						CreatedOnToolsVersion = 11.3.1;
					};
				};
			};
			buildConfigurationList = FA69AC7E23F9E2E600AA73FD /* Build configuration list for PBXProject "SlimHUD" */;
			compatibilityVersion = "Xcode 9.3";
			developmentRegion = en;
			hasScannedForEncodings = 0;
			knownRegions = (
				en,
				Base,
			);
			mainGroup = FA69AC7A23F9E2E600AA73FD;
			productRefGroup = FA69AC8423F9E2E600AA73FD /* Products */;
			projectDirPath = "";
			projectRoot = "";
			targets = (
				FA69AC8223F9E2E600AA73FD /* SlimHUD */,
			);
		};
/* End PBXProject section */

/* Begin PBXResourcesBuildPhase section */
		FA69AC8123F9E2E600AA73FD /* Resources */ = {
			isa = PBXResourcesBuildPhase;
			buildActionMask = 2147483647;
			files = (
				FAF5F6552408445F0011B766 /* dbrightness in Resources */,
				FA131C2F24683CBD005908FF /* MainMenu.storyboard in Resources */,
				FAAFCD872458768E009E5E2E /* About.storyboard in Resources */,
				FAD58AAB24570B9F00E6E0D9 /* Settings.storyboard in Resources */,
				FAF5F658240875800011B766 /* LICENSE in Resources */,
				FA623A612468591400A6ABCB /* BarView.xib in Resources */,
				FA69AC8B23F9E2E700AA73FD /* Assets.xcassets in Resources */,
			);
			runOnlyForDeploymentPostprocessing = 0;
		};
/* End PBXResourcesBuildPhase section */

/* Begin PBXShellScriptBuildPhase section */
		665749C72B21B13DDD9DC418 /* [CP] Embed Pods Frameworks */ = {
			isa = PBXShellScriptBuildPhase;
			buildActionMask = 2147483647;
			files = (
			);
			inputFileListPaths = (
				"${PODS_ROOT}/Target Support Files/Pods-SlimHUD/Pods-SlimHUD-frameworks-${CONFIGURATION}-input-files.xcfilelist",
			);
			name = "[CP] Embed Pods Frameworks";
			outputFileListPaths = (
				"${PODS_ROOT}/Target Support Files/Pods-SlimHUD/Pods-SlimHUD-frameworks-${CONFIGURATION}-output-files.xcfilelist",
			);
			runOnlyForDeploymentPostprocessing = 0;
			shellPath = /bin/sh;
			shellScript = "\"${PODS_ROOT}/Target Support Files/Pods-SlimHUD/Pods-SlimHUD-frameworks.sh\"\n";
			showEnvVarsInLog = 0;
		};
		6C92E8366EB7453FD3714FCE /* [CP] Check Pods Manifest.lock */ = {
			isa = PBXShellScriptBuildPhase;
			buildActionMask = 2147483647;
			files = (
			);
			inputFileListPaths = (
			);
			inputPaths = (
				"${PODS_PODFILE_DIR_PATH}/Podfile.lock",
				"${PODS_ROOT}/Manifest.lock",
			);
			name = "[CP] Check Pods Manifest.lock";
			outputFileListPaths = (
			);
			outputPaths = (
				"$(DERIVED_FILE_DIR)/Pods-SlimHUD-checkManifestLockResult.txt",
			);
			runOnlyForDeploymentPostprocessing = 0;
			shellPath = /bin/sh;
			shellScript = "diff \"${PODS_PODFILE_DIR_PATH}/Podfile.lock\" \"${PODS_ROOT}/Manifest.lock\" > /dev/null\nif [ $? != 0 ] ; then\n    # print error to STDERR\n    echo \"error: The sandbox is not in sync with the Podfile.lock. Run 'pod install' or update your CocoaPods installation.\" >&2\n    exit 1\nfi\n# This output is used by Xcode 'outputs' to avoid re-running this script phase.\necho \"SUCCESS\" > \"${SCRIPT_OUTPUT_FILE_0}\"\n";
			showEnvVarsInLog = 0;
		};
/* End PBXShellScriptBuildPhase section */

/* Begin PBXSourcesBuildPhase section */
		FA69AC7F23F9E2E600AA73FD /* Sources */ = {
			isa = PBXSourcesBuildPhase;
			buildActionMask = 2147483647;
			files = (
				FA262AE2240E6AA000BFC2D1 /* SettingsController.swift in Sources */,
				FAA1D1AE29506F4F006F6936 /* NSSegmentedControlExtension.swift in Sources */,
				FAA1D1AB29506F26006F6936 /* NSViewExtension.swift in Sources */,
				FABE1FDC23FEF17E009AD01F /* ObserverApplication.swift in Sources */,
				FAA1D1A529506F00006F6936 /* NSControlExtension.swift in Sources */,
				FA55D1E8247D49DC005D3E00 /* LoginItemList.swift in Sources */,
				FACD8CB02950971A00B1A786 /* UserDefaultsManager.swift in Sources */,
				FA69AC8723F9E2E600AA73FD /* AppDelegate.swift in Sources */,
				FABE1FDA23FEF17B009AD01F /* AppleScriptRunner.swift in Sources */,
				FAA1D1C429507814006F6936 /* Position.swift in Sources */,
				FAA1D1A829506F0E006F6936 /* BoolExtension.swift in Sources */,
				FA5C77EC240B077E004E0937 /* BaseView.swift in Sources */,
				FA12C21524EA93A500F92CA3 /* SettingsViewController+Position.swift in Sources */,
				FA55B98C2423FE180071E6D9 /* NSImageExtension.swift in Sources */,
				FA12C21324EA937800F92CA3 /* SettingsViewController+General.swift in Sources */,
				FA12C21724EA93DF00F92CA3 /* SettingsViewController+Style.swift in Sources */,
				FAF5F6532406D1480011B766 /* Hud.swift in Sources */,
				FA5C77ED240B077E004E0937 /* ProgressBar.swift in Sources */,
				FA262AE0240E6A9900BFC2D1 /* SettingsViewController.swift in Sources */,
				FAA1D1A129506ED3006F6936 /* NSButtonExtension.swift in Sources */,
				FA623A6324685DD000A6ABCB /* BarView.swift in Sources */,
				FA5C77EE240B077E004E0937 /* DeterminateAnimation.swift in Sources */,
				FAA1D1BB295073F4006F6936 /* DisplayManager.swift in Sources */,
				FAA1D1B229506F8D006F6936 /* Errors.swift in Sources */,
				FAD58AAD2457139100E6E0D9 /* SettingsWindowController.swift in Sources */,
				FA51B9602469D4510095C8B7 /* AboutWindowController.swift in Sources */,
				FAA1D1C12950764D006F6936 /* KeyboardManager.swift in Sources */,
				FACD8CB429509ED100B1A786 /* PositionManager.swift in Sources */,
				FAAFCD8924588785009E5E2E /* AboutViewController.swift in Sources */,
				FA12C21124EA934800F92CA3 /* SettingsWindowControllerDelegate.swift in Sources */,
				FA78F53F242FA73000785678 /* SettingsPreview.swift in Sources */,
				FAA1D1B62950724B006F6936 /* VolumeManager.swift in Sources */,
				FAA1D1C729509317006F6936 /* EnabledBars.swift in Sources */,
			);
			runOnlyForDeploymentPostprocessing = 0;
		};
/* End PBXSourcesBuildPhase section */

/* Begin XCBuildConfiguration section */
		FA69AC9123F9E2E700AA73FD /* Debug */ = {
			isa = XCBuildConfiguration;
			buildSettings = {
				ALWAYS_SEARCH_USER_PATHS = NO;
				CLANG_ANALYZER_NONNULL = YES;
				CLANG_ANALYZER_NUMBER_OBJECT_CONVERSION = YES_AGGRESSIVE;
				CLANG_CXX_LANGUAGE_STANDARD = "gnu++14";
				CLANG_CXX_LIBRARY = "libc++";
				CLANG_ENABLE_MODULES = YES;
				CLANG_ENABLE_OBJC_ARC = YES;
				CLANG_ENABLE_OBJC_WEAK = YES;
				CLANG_WARN_BLOCK_CAPTURE_AUTORELEASING = YES;
				CLANG_WARN_BOOL_CONVERSION = YES;
				CLANG_WARN_COMMA = YES;
				CLANG_WARN_CONSTANT_CONVERSION = YES;
				CLANG_WARN_DEPRECATED_OBJC_IMPLEMENTATIONS = YES;
				CLANG_WARN_DIRECT_OBJC_ISA_USAGE = YES_ERROR;
				CLANG_WARN_DOCUMENTATION_COMMENTS = YES;
				CLANG_WARN_EMPTY_BODY = YES;
				CLANG_WARN_ENUM_CONVERSION = YES;
				CLANG_WARN_INFINITE_RECURSION = YES;
				CLANG_WARN_INT_CONVERSION = YES;
				CLANG_WARN_NON_LITERAL_NULL_CONVERSION = YES;
				CLANG_WARN_OBJC_IMPLICIT_RETAIN_SELF = YES;
				CLANG_WARN_OBJC_LITERAL_CONVERSION = YES;
				CLANG_WARN_OBJC_ROOT_CLASS = YES_ERROR;
				CLANG_WARN_QUOTED_INCLUDE_IN_FRAMEWORK_HEADER = YES;
				CLANG_WARN_RANGE_LOOP_ANALYSIS = YES;
				CLANG_WARN_STRICT_PROTOTYPES = YES;
				CLANG_WARN_SUSPICIOUS_MOVE = YES;
				CLANG_WARN_UNGUARDED_AVAILABILITY = YES_AGGRESSIVE;
				CLANG_WARN_UNREACHABLE_CODE = YES;
				CLANG_WARN__DUPLICATE_METHOD_MATCH = YES;
				COPY_PHASE_STRIP = NO;
				DEBUG_INFORMATION_FORMAT = dwarf;
				ENABLE_STRICT_OBJC_MSGSEND = YES;
				ENABLE_TESTABILITY = YES;
				GCC_C_LANGUAGE_STANDARD = gnu11;
				GCC_DYNAMIC_NO_PIC = NO;
				GCC_NO_COMMON_BLOCKS = YES;
				GCC_OPTIMIZATION_LEVEL = 0;
				GCC_PREPROCESSOR_DEFINITIONS = (
					"DEBUG=1",
					"$(inherited)",
				);
				GCC_WARN_64_TO_32_BIT_CONVERSION = YES;
				GCC_WARN_ABOUT_RETURN_TYPE = YES_ERROR;
				GCC_WARN_UNDECLARED_SELECTOR = YES;
				GCC_WARN_UNINITIALIZED_AUTOS = YES_AGGRESSIVE;
				GCC_WARN_UNUSED_FUNCTION = YES;
				GCC_WARN_UNUSED_VARIABLE = YES;
				GENERATE_MASTER_OBJECT_FILE = NO;
				MACOSX_DEPLOYMENT_TARGET = 10.13;
				MTL_ENABLE_DEBUG_INFO = INCLUDE_SOURCE;
				MTL_FAST_MATH = YES;
				ONLY_ACTIVE_ARCH = YES;
				SDKROOT = macosx;
				SWIFT_ACTIVE_COMPILATION_CONDITIONS = DEBUG;
				SWIFT_OPTIMIZATION_LEVEL = "-Onone";
				SWIFT_VERSION = 5.0;
			};
			name = Debug;
		};
		FA69AC9223F9E2E700AA73FD /* Release */ = {
			isa = XCBuildConfiguration;
			buildSettings = {
				ALWAYS_SEARCH_USER_PATHS = NO;
				CLANG_ANALYZER_NONNULL = YES;
				CLANG_ANALYZER_NUMBER_OBJECT_CONVERSION = YES_AGGRESSIVE;
				CLANG_CXX_LANGUAGE_STANDARD = "gnu++14";
				CLANG_CXX_LIBRARY = "libc++";
				CLANG_ENABLE_MODULES = YES;
				CLANG_ENABLE_OBJC_ARC = YES;
				CLANG_ENABLE_OBJC_WEAK = YES;
				CLANG_WARN_BLOCK_CAPTURE_AUTORELEASING = YES;
				CLANG_WARN_BOOL_CONVERSION = YES;
				CLANG_WARN_COMMA = YES;
				CLANG_WARN_CONSTANT_CONVERSION = YES;
				CLANG_WARN_DEPRECATED_OBJC_IMPLEMENTATIONS = YES;
				CLANG_WARN_DIRECT_OBJC_ISA_USAGE = YES_ERROR;
				CLANG_WARN_DOCUMENTATION_COMMENTS = YES;
				CLANG_WARN_EMPTY_BODY = YES;
				CLANG_WARN_ENUM_CONVERSION = YES;
				CLANG_WARN_INFINITE_RECURSION = YES;
				CLANG_WARN_INT_CONVERSION = YES;
				CLANG_WARN_NON_LITERAL_NULL_CONVERSION = YES;
				CLANG_WARN_OBJC_IMPLICIT_RETAIN_SELF = YES;
				CLANG_WARN_OBJC_LITERAL_CONVERSION = YES;
				CLANG_WARN_OBJC_ROOT_CLASS = YES_ERROR;
				CLANG_WARN_QUOTED_INCLUDE_IN_FRAMEWORK_HEADER = YES;
				CLANG_WARN_RANGE_LOOP_ANALYSIS = YES;
				CLANG_WARN_STRICT_PROTOTYPES = YES;
				CLANG_WARN_SUSPICIOUS_MOVE = YES;
				CLANG_WARN_UNGUARDED_AVAILABILITY = YES_AGGRESSIVE;
				CLANG_WARN_UNREACHABLE_CODE = YES;
				CLANG_WARN__DUPLICATE_METHOD_MATCH = YES;
				COPY_PHASE_STRIP = NO;
				DEBUG_INFORMATION_FORMAT = "dwarf-with-dsym";
				ENABLE_NS_ASSERTIONS = NO;
				ENABLE_STRICT_OBJC_MSGSEND = YES;
				GCC_C_LANGUAGE_STANDARD = gnu11;
				GCC_NO_COMMON_BLOCKS = YES;
				GCC_WARN_64_TO_32_BIT_CONVERSION = YES;
				GCC_WARN_ABOUT_RETURN_TYPE = YES_ERROR;
				GCC_WARN_UNDECLARED_SELECTOR = YES;
				GCC_WARN_UNINITIALIZED_AUTOS = YES_AGGRESSIVE;
				GCC_WARN_UNUSED_FUNCTION = YES;
				GCC_WARN_UNUSED_VARIABLE = YES;
				GENERATE_MASTER_OBJECT_FILE = NO;
				MACOSX_DEPLOYMENT_TARGET = 10.13;
				MTL_ENABLE_DEBUG_INFO = NO;
				MTL_FAST_MATH = YES;
				SDKROOT = macosx;
				SWIFT_COMPILATION_MODE = wholemodule;
				SWIFT_OPTIMIZATION_LEVEL = "-O";
				SWIFT_VERSION = 5.0;
			};
			name = Release;
		};
		FA69AC9423F9E2E700AA73FD /* Debug */ = {
			isa = XCBuildConfiguration;
			baseConfigurationReference = A76B91BA76461B0592D9CAA5 /* Pods-SlimHUD.debug.xcconfig */;
			buildSettings = {
				ASSETCATALOG_COMPILER_APPICON_NAME = AppIcon;
				BUILD_LIBRARY_FOR_DISTRIBUTION = NO;
				CODE_SIGN_ENTITLEMENTS = SlimHUD/Support/SlimHUD.entitlements;
				CODE_SIGN_IDENTITY = "-";
				CODE_SIGN_STYLE = Automatic;
				COMBINE_HIDPI_IMAGES = YES;
				CURRENT_PROJECT_VERSION = 1.3.8;
				DEVELOPMENT_TEAM = XX9N244QQT;
				ENABLE_HARDENED_RUNTIME = NO;
				FRAMEWORK_SEARCH_PATHS = (
					"$(inherited)",
					"$(PROJECT_DIR)/SlimHUD/Support/Nick\\ Sweeting",
					"$(PROJECT_DIR)/SlimHUD",
					"$(PROJECT_DIR)",
				);
				INFOPLIST_FILE = SlimHUD/Support/Info.plist;
				LD_RUNPATH_SEARCH_PATHS = (
					"$(inherited)",
					"@executable_path/../Frameworks",
				);
				MACOSX_DEPLOYMENT_TARGET = 10.13;
				MARKETING_VERSION = 1.3.8;
				PRODUCT_BUNDLE_IDENTIFIER = AlexP.SlimHUD;
				PRODUCT_NAME = "$(TARGET_NAME)";
				SKIP_INSTALL = NO;
				STRIP_INSTALLED_PRODUCT = YES;
				SWIFT_VERSION = 5.0;
			};
			name = Debug;
		};
		FA69AC9523F9E2E700AA73FD /* Release */ = {
			isa = XCBuildConfiguration;
			baseConfigurationReference = B4665C4192BCA42C48DA9C4D /* Pods-SlimHUD.release.xcconfig */;
			buildSettings = {
				ASSETCATALOG_COMPILER_APPICON_NAME = AppIcon;
				BUILD_LIBRARY_FOR_DISTRIBUTION = NO;
				CODE_SIGN_ENTITLEMENTS = SlimHUD/Support/SlimHUD.entitlements;
				CODE_SIGN_IDENTITY = "-";
				CODE_SIGN_STYLE = Automatic;
				COMBINE_HIDPI_IMAGES = YES;
				CURRENT_PROJECT_VERSION = 1.3.8;
				DEVELOPMENT_TEAM = XX9N244QQT;
				ENABLE_HARDENED_RUNTIME = NO;
				FRAMEWORK_SEARCH_PATHS = (
					"$(inherited)",
					"$(PROJECT_DIR)/SlimHUD/Support/Nick\\ Sweeting",
					"$(PROJECT_DIR)/SlimHUD",
					"$(PROJECT_DIR)",
				);
				INFOPLIST_FILE = SlimHUD/Support/Info.plist;
				LD_RUNPATH_SEARCH_PATHS = (
					"$(inherited)",
					"@executable_path/../Frameworks",
				);
				MACOSX_DEPLOYMENT_TARGET = 10.13;
				MARKETING_VERSION = 1.3.8;
				ONLY_ACTIVE_ARCH = YES;
				PRODUCT_BUNDLE_IDENTIFIER = AlexP.SlimHUD;
				PRODUCT_NAME = "$(TARGET_NAME)";
				SKIP_INSTALL = NO;
				STRIP_INSTALLED_PRODUCT = YES;
				SWIFT_VERSION = 5.0;
			};
			name = Release;
		};
/* End XCBuildConfiguration section */

/* Begin XCConfigurationList section */
		FA69AC7E23F9E2E600AA73FD /* Build configuration list for PBXProject "SlimHUD" */ = {
			isa = XCConfigurationList;
			buildConfigurations = (
				FA69AC9123F9E2E700AA73FD /* Debug */,
				FA69AC9223F9E2E700AA73FD /* Release */,
			);
			defaultConfigurationIsVisible = 0;
			defaultConfigurationName = Release;
		};
		FA69AC9323F9E2E700AA73FD /* Build configuration list for PBXNativeTarget "SlimHUD" */ = {
			isa = XCConfigurationList;
			buildConfigurations = (
				FA69AC9423F9E2E700AA73FD /* Debug */,
				FA69AC9523F9E2E700AA73FD /* Release */,
			);
			defaultConfigurationIsVisible = 0;
			defaultConfigurationName = Release;
		};
/* End XCConfigurationList section */
	};
	rootObject = FA69AC7B23F9E2E600AA73FD /* Project object */;
}
