// !$*UTF8*$!
{
	archiveVersion = 1;
	classes = {
	};
	objectVersion = 52;
	objects = {

/* Begin PBXBuildFile section */
		FA12C21124EA934800F92CA3 /* HudsControllerInterface.swift in Sources */ = {isa = PBXBuildFile; fileRef = FA12C21024EA934800F92CA3 /* HudsControllerInterface.swift */; };
		FA12C21324EA937800F92CA3 /* SettingsViewController+General.swift in Sources */ = {isa = PBXBuildFile; fileRef = FA12C21224EA937800F92CA3 /* SettingsViewController+General.swift */; };
		FA12C21524EA93A500F92CA3 /* SettingsViewController+Position.swift in Sources */ = {isa = PBXBuildFile; fileRef = FA12C21424EA93A500F92CA3 /* SettingsViewController+Position.swift */; };
		FA12C21724EA93DF00F92CA3 /* SettingsViewController+Style.swift in Sources */ = {isa = PBXBuildFile; fileRef = FA12C21624EA93DF00F92CA3 /* SettingsViewController+Style.swift */; };
		FA131C2F24683CBD005908FF /* MainMenu.storyboard in Resources */ = {isa = PBXBuildFile; fileRef = FA131C2E24683CBD005908FF /* MainMenu.storyboard */; };
		FA2347472950D8E90017CF95 /* Constants.swift in Sources */ = {isa = PBXBuildFile; fileRef = FA2347462950D8E90017CF95 /* Constants.swift */; };
		FA262AE0240E6A9900BFC2D1 /* SettingsViewController.swift in Sources */ = {isa = PBXBuildFile; fileRef = FA262ADF240E6A9900BFC2D1 /* SettingsViewController.swift */; };
		FA262AE2240E6AA000BFC2D1 /* SettingsManager.swift in Sources */ = {isa = PBXBuildFile; fileRef = FA262AE1240E6AA000BFC2D1 /* SettingsManager.swift */; };
		FA4264672950BD850046CD2C /* ChangesObserver.swift in Sources */ = {isa = PBXBuildFile; fileRef = FA4264662950BD850046CD2C /* ChangesObserver.swift */; };
		FA42646A2950C1CF0046CD2C /* Displayer.swift in Sources */ = {isa = PBXBuildFile; fileRef = FA4264692950C1CF0046CD2C /* Displayer.swift */; };
		FA48AE4B29521CC900A9E0E2 /* SensorError.swift in Sources */ = {isa = PBXBuildFile; fileRef = FA48AE4A29521CC900A9E0E2 /* SensorError.swift */; };
		FA48AE4E29522C1200A9E0E2 /* Sparkle in Frameworks */ = {isa = PBXBuildFile; productRef = FA48AE4D29522C1200A9E0E2 /* Sparkle */; };
		FA51B9602469D4510095C8B7 /* AboutWindowController.swift in Sources */ = {isa = PBXBuildFile; fileRef = FA51B95F2469D4510095C8B7 /* AboutWindowController.swift */; };
		FA55D1E8247D49DC005D3E00 /* LoginItemList.swift in Sources */ = {isa = PBXBuildFile; fileRef = FA55D1E7247D49DC005D3E00 /* LoginItemList.swift */; };
		FA57534A2954D73B008518A1 /* SlimHUDUITestsLaunchTests.swift in Sources */ = {isa = PBXBuildFile; fileRef = FA5753492954D73B008518A1 /* SlimHUDUITestsLaunchTests.swift */; };
		FA5C77EC240B077E004E0937 /* BaseView.swift in Sources */ = {isa = PBXBuildFile; fileRef = FA5C77E9240B077E004E0937 /* BaseView.swift */; };
		FA5C77ED240B077E004E0937 /* ProgressBar.swift in Sources */ = {isa = PBXBuildFile; fileRef = FA5C77EA240B077E004E0937 /* ProgressBar.swift */; };
		FA5C77EE240B077E004E0937 /* DeterminateAnimation.swift in Sources */ = {isa = PBXBuildFile; fileRef = FA5C77EB240B077E004E0937 /* DeterminateAnimation.swift */; };
		FA69AC8723F9E2E600AA73FD /* AppDelegate.swift in Sources */ = {isa = PBXBuildFile; fileRef = FA69AC8623F9E2E600AA73FD /* AppDelegate.swift */; };
		FA69AC8B23F9E2E700AA73FD /* Assets.xcassets in Resources */ = {isa = PBXBuildFile; fileRef = FA69AC8A23F9E2E700AA73FD /* Assets.xcassets */; };
		FA7DACE12954EBE400E8DC7C /* SettingsUITest.swift in Sources */ = {isa = PBXBuildFile; fileRef = FA7DACDF2954EBDA00E8DC7C /* SettingsUITest.swift */; };
		FAA1D1A129506ED3006F6936 /* NSButtonExtension.swift in Sources */ = {isa = PBXBuildFile; fileRef = FAA1D1A029506ED3006F6936 /* NSButtonExtension.swift */; };
		FAA1D1A529506F00006F6936 /* NSControlExtension.swift in Sources */ = {isa = PBXBuildFile; fileRef = FAA1D1A429506F00006F6936 /* NSControlExtension.swift */; };
		FAA1D1A829506F0E006F6936 /* BoolExtension.swift in Sources */ = {isa = PBXBuildFile; fileRef = FAA1D1A729506F0E006F6936 /* BoolExtension.swift */; };
		FAA1D1AB29506F26006F6936 /* NSViewExtension.swift in Sources */ = {isa = PBXBuildFile; fileRef = FAA1D1AA29506F25006F6936 /* NSViewExtension.swift */; };
		FAA1D1AE29506F4F006F6936 /* NSSegmentedControlExtension.swift in Sources */ = {isa = PBXBuildFile; fileRef = FAA1D1AD29506F4F006F6936 /* NSSegmentedControlExtension.swift */; };
		FAA1D1B62950724B006F6936 /* VolumeManager.swift in Sources */ = {isa = PBXBuildFile; fileRef = FAA1D1B52950724B006F6936 /* VolumeManager.swift */; };
		FAA1D1BB295073F4006F6936 /* DisplayManager.swift in Sources */ = {isa = PBXBuildFile; fileRef = FAA1D1BA295073F4006F6936 /* DisplayManager.swift */; };
		FAA1D1C12950764D006F6936 /* KeyboardManager.swift in Sources */ = {isa = PBXBuildFile; fileRef = FAA1D1C02950764D006F6936 /* KeyboardManager.swift */; };
		FAA1D1C429507814006F6936 /* Position.swift in Sources */ = {isa = PBXBuildFile; fileRef = FAA1D1C329507814006F6936 /* Position.swift */; };
		FAA1D1C729509317006F6936 /* EnabledBars.swift in Sources */ = {isa = PBXBuildFile; fileRef = FAA1D1C629509317006F6936 /* EnabledBars.swift */; };
		FAA2265D294E746D00E082CB /* OSDUIManager.swift in Sources */ = {isa = PBXBuildFile; fileRef = FAA2265C294E746D00E082CB /* OSDUIManager.swift */; };
		FAAFCD872458768E009E5E2E /* About.storyboard in Resources */ = {isa = PBXBuildFile; fileRef = FAAFCD862458768E009E5E2E /* About.storyboard */; };
		FAAFCD8924588785009E5E2E /* AboutViewController.swift in Sources */ = {isa = PBXBuildFile; fileRef = FAAFCD8824588785009E5E2E /* AboutViewController.swift */; };
		FABE1FDC23FEF17E009AD01F /* KeyPressObserver.swift in Sources */ = {isa = PBXBuildFile; fileRef = FABE1FDB23FEF17E009AD01F /* KeyPressObserver.swift */; };
		FACB31042951ACAF00BFB792 /* SettingsController.swift in Sources */ = {isa = PBXBuildFile; fileRef = FACB31032951ACAF00BFB792 /* SettingsController.swift */; };
		FACB310A2951ACE900BFB792 /* BarView.xib in Resources */ = {isa = PBXBuildFile; fileRef = FACB31082951ACE900BFB792 /* BarView.xib */; };
		FACB310B2951ACE900BFB792 /* BarView.swift in Sources */ = {isa = PBXBuildFile; fileRef = FACB31092951ACE900BFB792 /* BarView.swift */; };
		FACB31132951B00A00BFB792 /* AppleScriptRunner.swift in Sources */ = {isa = PBXBuildFile; fileRef = FACB31122951B00A00BFB792 /* AppleScriptRunner.swift */; };
		FACB31152951B01400BFB792 /* NSImageExtension.swift in Sources */ = {isa = PBXBuildFile; fileRef = FACB31142951B01400BFB792 /* NSImageExtension.swift */; };
		FACB31242951B96200BFB792 /* SlimHUDTests.swift in Sources */ = {isa = PBXBuildFile; fileRef = FACB31232951B96200BFB792 /* SlimHUDTests.swift */; };
		FACB312C2951B9F000BFB792 /* PositionManagerTests.swift in Sources */ = {isa = PBXBuildFile; fileRef = FACB312B2951B9F000BFB792 /* PositionManagerTests.swift */; };
		FACD8CB02950971A00B1A786 /* UserDefaultsManager.swift in Sources */ = {isa = PBXBuildFile; fileRef = FACD8CAF2950971A00B1A786 /* UserDefaultsManager.swift */; };
		FACD8CB429509ED100B1A786 /* PositionManager.swift in Sources */ = {isa = PBXBuildFile; fileRef = FACD8CB329509ED100B1A786 /* PositionManager.swift */; };
		FAD58AAB24570B9F00E6E0D9 /* Settings.storyboard in Resources */ = {isa = PBXBuildFile; fileRef = FAD58AAA24570B9F00E6E0D9 /* Settings.storyboard */; };
		FAD58AAD2457139100E6E0D9 /* SettingsWindowController.swift in Sources */ = {isa = PBXBuildFile; fileRef = FAD58AAC2457139100E6E0D9 /* SettingsWindowController.swift */; };
		FAF5F6532406D1480011B766 /* Hud.swift in Sources */ = {isa = PBXBuildFile; fileRef = FAF5F6522406D1480011B766 /* Hud.swift */; };
/* End PBXBuildFile section */

/* Begin PBXContainerItemProxy section */
		FA57534B2954D73B008518A1 /* PBXContainerItemProxy */ = {
			isa = PBXContainerItemProxy;
			containerPortal = FA69AC7B23F9E2E600AA73FD /* Project object */;
			proxyType = 1;
			remoteGlobalIDString = FA69AC8223F9E2E600AA73FD;
			remoteInfo = SlimHUD;
		};
		FACB31252951B96200BFB792 /* PBXContainerItemProxy */ = {
			isa = PBXContainerItemProxy;
			containerPortal = FA69AC7B23F9E2E600AA73FD /* Project object */;
			proxyType = 1;
			remoteGlobalIDString = FA69AC8223F9E2E600AA73FD;
			remoteInfo = SlimHUD;
		};
/* End PBXContainerItemProxy section */

/* Begin PBXFileReference section */
		FA12C21024EA934800F92CA3 /* HudsControllerInterface.swift */ = {isa = PBXFileReference; lastKnownFileType = sourcecode.swift; path = HudsControllerInterface.swift; sourceTree = "<group>"; };
		FA12C21224EA937800F92CA3 /* SettingsViewController+General.swift */ = {isa = PBXFileReference; lastKnownFileType = sourcecode.swift; path = "SettingsViewController+General.swift"; sourceTree = "<group>"; };
		FA12C21424EA93A500F92CA3 /* SettingsViewController+Position.swift */ = {isa = PBXFileReference; lastKnownFileType = sourcecode.swift; path = "SettingsViewController+Position.swift"; sourceTree = "<group>"; };
		FA12C21624EA93DF00F92CA3 /* SettingsViewController+Style.swift */ = {isa = PBXFileReference; lastKnownFileType = sourcecode.swift; path = "SettingsViewController+Style.swift"; sourceTree = "<group>"; };
		FA131C2E24683CBD005908FF /* MainMenu.storyboard */ = {isa = PBXFileReference; lastKnownFileType = file.storyboard; path = MainMenu.storyboard; sourceTree = "<group>"; };
		FA2347462950D8E90017CF95 /* Constants.swift */ = {isa = PBXFileReference; lastKnownFileType = sourcecode.swift; path = Constants.swift; sourceTree = "<group>"; };
		FA262ADF240E6A9900BFC2D1 /* SettingsViewController.swift */ = {isa = PBXFileReference; lastKnownFileType = sourcecode.swift; path = SettingsViewController.swift; sourceTree = "<group>"; };
		FA262AE1240E6AA000BFC2D1 /* SettingsManager.swift */ = {isa = PBXFileReference; lastKnownFileType = sourcecode.swift; path = SettingsManager.swift; sourceTree = "<group>"; };
		FA4264662950BD850046CD2C /* ChangesObserver.swift */ = {isa = PBXFileReference; lastKnownFileType = sourcecode.swift; path = ChangesObserver.swift; sourceTree = "<group>"; };
		FA4264692950C1CF0046CD2C /* Displayer.swift */ = {isa = PBXFileReference; lastKnownFileType = sourcecode.swift; path = Displayer.swift; sourceTree = "<group>"; };
		FA48AE4A29521CC900A9E0E2 /* SensorError.swift */ = {isa = PBXFileReference; fileEncoding = 4; lastKnownFileType = sourcecode.swift; path = SensorError.swift; sourceTree = "<group>"; };
		FA51B95F2469D4510095C8B7 /* AboutWindowController.swift */ = {isa = PBXFileReference; lastKnownFileType = sourcecode.swift; path = AboutWindowController.swift; sourceTree = "<group>"; };
		FA55D1E7247D49DC005D3E00 /* LoginItemList.swift */ = {isa = PBXFileReference; lastKnownFileType = sourcecode.swift; name = LoginItemList.swift; path = SlimHUD/Services/LoginItemList.swift; sourceTree = SOURCE_ROOT; };
		FA5753452954D73B008518A1 /* SlimHUDUITests.xctest */ = {isa = PBXFileReference; explicitFileType = wrapper.cfbundle; includeInIndex = 0; path = SlimHUDUITests.xctest; sourceTree = BUILT_PRODUCTS_DIR; };
		FA5753492954D73B008518A1 /* SlimHUDUITestsLaunchTests.swift */ = {isa = PBXFileReference; lastKnownFileType = sourcecode.swift; path = SlimHUDUITestsLaunchTests.swift; sourceTree = "<group>"; };
		FA5C77E9240B077E004E0937 /* BaseView.swift */ = {isa = PBXFileReference; fileEncoding = 4; lastKnownFileType = sourcecode.swift; path = BaseView.swift; sourceTree = "<group>"; };
		FA5C77EA240B077E004E0937 /* ProgressBar.swift */ = {isa = PBXFileReference; fileEncoding = 4; lastKnownFileType = sourcecode.swift; path = ProgressBar.swift; sourceTree = "<group>"; };
		FA5C77EB240B077E004E0937 /* DeterminateAnimation.swift */ = {isa = PBXFileReference; fileEncoding = 4; lastKnownFileType = sourcecode.swift; path = DeterminateAnimation.swift; sourceTree = "<group>"; };
		FA69AC8323F9E2E600AA73FD /* SlimHUD.app */ = {isa = PBXFileReference; explicitFileType = wrapper.application; includeInIndex = 0; path = SlimHUD.app; sourceTree = BUILT_PRODUCTS_DIR; };
		FA69AC8623F9E2E600AA73FD /* AppDelegate.swift */ = {isa = PBXFileReference; lastKnownFileType = sourcecode.swift; path = AppDelegate.swift; sourceTree = "<group>"; };
		FA69AC8A23F9E2E700AA73FD /* Assets.xcassets */ = {isa = PBXFileReference; lastKnownFileType = folder.assetcatalog; path = Assets.xcassets; sourceTree = "<group>"; };
		FA69AC8F23F9E2E700AA73FD /* Info.plist */ = {isa = PBXFileReference; lastKnownFileType = text.plist.xml; path = Info.plist; sourceTree = "<group>"; };
		FA69AC9023F9E2E700AA73FD /* SlimHUD.entitlements */ = {isa = PBXFileReference; lastKnownFileType = text.plist.entitlements; path = SlimHUD.entitlements; sourceTree = "<group>"; };
		FA7DACDF2954EBDA00E8DC7C /* SettingsUITest.swift */ = {isa = PBXFileReference; lastKnownFileType = sourcecode.swift; path = SettingsUITest.swift; sourceTree = "<group>"; };
		FAA1D1A029506ED3006F6936 /* NSButtonExtension.swift */ = {isa = PBXFileReference; lastKnownFileType = sourcecode.swift; path = NSButtonExtension.swift; sourceTree = "<group>"; };
		FAA1D1A429506F00006F6936 /* NSControlExtension.swift */ = {isa = PBXFileReference; lastKnownFileType = sourcecode.swift; path = NSControlExtension.swift; sourceTree = "<group>"; };
		FAA1D1A729506F0E006F6936 /* BoolExtension.swift */ = {isa = PBXFileReference; lastKnownFileType = sourcecode.swift; path = BoolExtension.swift; sourceTree = "<group>"; };
		FAA1D1AA29506F25006F6936 /* NSViewExtension.swift */ = {isa = PBXFileReference; lastKnownFileType = sourcecode.swift; path = NSViewExtension.swift; sourceTree = "<group>"; };
		FAA1D1AD29506F4F006F6936 /* NSSegmentedControlExtension.swift */ = {isa = PBXFileReference; lastKnownFileType = sourcecode.swift; path = NSSegmentedControlExtension.swift; sourceTree = "<group>"; };
		FAA1D1B52950724B006F6936 /* VolumeManager.swift */ = {isa = PBXFileReference; lastKnownFileType = sourcecode.swift; path = VolumeManager.swift; sourceTree = "<group>"; };
		FAA1D1BA295073F4006F6936 /* DisplayManager.swift */ = {isa = PBXFileReference; lastKnownFileType = sourcecode.swift; path = DisplayManager.swift; sourceTree = "<group>"; };
		FAA1D1C02950764D006F6936 /* KeyboardManager.swift */ = {isa = PBXFileReference; lastKnownFileType = sourcecode.swift; path = KeyboardManager.swift; sourceTree = "<group>"; };
		FAA1D1C329507814006F6936 /* Position.swift */ = {isa = PBXFileReference; lastKnownFileType = sourcecode.swift; path = Position.swift; sourceTree = "<group>"; };
		FAA1D1C629509317006F6936 /* EnabledBars.swift */ = {isa = PBXFileReference; lastKnownFileType = sourcecode.swift; path = EnabledBars.swift; sourceTree = "<group>"; };
		FAA2265C294E746D00E082CB /* OSDUIManager.swift */ = {isa = PBXFileReference; lastKnownFileType = sourcecode.swift; path = OSDUIManager.swift; sourceTree = "<group>"; };
		FAAFCD862458768E009E5E2E /* About.storyboard */ = {isa = PBXFileReference; lastKnownFileType = file.storyboard; path = About.storyboard; sourceTree = "<group>"; };
		FAAFCD8824588785009E5E2E /* AboutViewController.swift */ = {isa = PBXFileReference; lastKnownFileType = sourcecode.swift; path = AboutViewController.swift; sourceTree = "<group>"; };
		FABE1FDB23FEF17E009AD01F /* KeyPressObserver.swift */ = {isa = PBXFileReference; fileEncoding = 4; lastKnownFileType = sourcecode.swift; path = KeyPressObserver.swift; sourceTree = "<group>"; };
		FACB31032951ACAF00BFB792 /* SettingsController.swift */ = {isa = PBXFileReference; fileEncoding = 4; lastKnownFileType = sourcecode.swift; path = SettingsController.swift; sourceTree = "<group>"; };
		FACB31082951ACE900BFB792 /* BarView.xib */ = {isa = PBXFileReference; fileEncoding = 4; lastKnownFileType = file.xib; name = BarView.xib; path = SlimHUD/Views/BarView/BarView.xib; sourceTree = SOURCE_ROOT; };
		FACB31092951ACE900BFB792 /* BarView.swift */ = {isa = PBXFileReference; fileEncoding = 4; lastKnownFileType = sourcecode.swift; name = BarView.swift; path = SlimHUD/Views/BarView/BarView.swift; sourceTree = SOURCE_ROOT; };
		FACB31122951B00A00BFB792 /* AppleScriptRunner.swift */ = {isa = PBXFileReference; fileEncoding = 4; lastKnownFileType = sourcecode.swift; path = AppleScriptRunner.swift; sourceTree = "<group>"; };
		FACB31142951B01400BFB792 /* NSImageExtension.swift */ = {isa = PBXFileReference; fileEncoding = 4; lastKnownFileType = sourcecode.swift; path = NSImageExtension.swift; sourceTree = "<group>"; };
		FACB31212951B96200BFB792 /* SlimHUDTests.xctest */ = {isa = PBXFileReference; explicitFileType = wrapper.cfbundle; includeInIndex = 0; path = SlimHUDTests.xctest; sourceTree = BUILT_PRODUCTS_DIR; };
		FACB31232951B96200BFB792 /* SlimHUDTests.swift */ = {isa = PBXFileReference; lastKnownFileType = sourcecode.swift; path = SlimHUDTests.swift; sourceTree = "<group>"; };
		FACB312B2951B9F000BFB792 /* PositionManagerTests.swift */ = {isa = PBXFileReference; lastKnownFileType = sourcecode.swift; path = PositionManagerTests.swift; sourceTree = "<group>"; };
		FACD8CAF2950971A00B1A786 /* UserDefaultsManager.swift */ = {isa = PBXFileReference; lastKnownFileType = sourcecode.swift; name = UserDefaultsManager.swift; path = SlimHUD/Services/UserDefaultsManager.swift; sourceTree = SOURCE_ROOT; };
		FACD8CB329509ED100B1A786 /* PositionManager.swift */ = {isa = PBXFileReference; lastKnownFileType = sourcecode.swift; path = PositionManager.swift; sourceTree = "<group>"; };
		FAD58AAA24570B9F00E6E0D9 /* Settings.storyboard */ = {isa = PBXFileReference; lastKnownFileType = file.storyboard; path = Settings.storyboard; sourceTree = "<group>"; };
		FAD58AAC2457139100E6E0D9 /* SettingsWindowController.swift */ = {isa = PBXFileReference; lastKnownFileType = sourcecode.swift; path = SettingsWindowController.swift; sourceTree = "<group>"; };
		FAF5F6522406D1480011B766 /* Hud.swift */ = {isa = PBXFileReference; lastKnownFileType = sourcecode.swift; path = Hud.swift; sourceTree = "<group>"; };
/* End PBXFileReference section */

/* Begin PBXFrameworksBuildPhase section */
		FA5753422954D73B008518A1 /* Frameworks */ = {
			isa = PBXFrameworksBuildPhase;
			buildActionMask = 2147483647;
			files = (
			);
			runOnlyForDeploymentPostprocessing = 0;
		};
		FACB311E2951B96200BFB792 /* Frameworks */ = {
			isa = PBXFrameworksBuildPhase;
			buildActionMask = 2147483647;
			files = (
			);
			runOnlyForDeploymentPostprocessing = 0;
		};
		FAE5E633244387AB0029471E /* Frameworks */ = {
			isa = PBXFrameworksBuildPhase;
			buildActionMask = 2147483647;
			files = (
				FA48AE4E29522C1200A9E0E2 /* Sparkle in Frameworks */,
			);
			runOnlyForDeploymentPostprocessing = 0;
		};
/* End PBXFrameworksBuildPhase section */

/* Begin PBXGroup section */
		FA12C21824EA9D5F00F92CA3 /* SettingsViewController */ = {
			isa = PBXGroup;
			children = (
				FA262ADF240E6A9900BFC2D1 /* SettingsViewController.swift */,
				FA12C21624EA93DF00F92CA3 /* SettingsViewController+Style.swift */,
				FA12C21424EA93A500F92CA3 /* SettingsViewController+Position.swift */,
				FA12C21224EA937800F92CA3 /* SettingsViewController+General.swift */,
			);
			path = SettingsViewController;
			sourceTree = "<group>";
		};
		FA262AE5240E9EEF00BFC2D1 /* Settings */ = {
			isa = PBXGroup;
			children = (
				FAD58AAA24570B9F00E6E0D9 /* Settings.storyboard */,
				FACB31032951ACAF00BFB792 /* SettingsController.swift */,
			);
			path = Settings;
			sourceTree = "<group>";
		};
		FA51B9612469D52F0095C8B7 /* Views */ = {
			isa = PBXGroup;
			children = (
				FAF5F6522406D1480011B766 /* Hud.swift */,
				FACB31072951ACDE00BFB792 /* BarView */,
				FA5C77E8240B0753004E0937 /* Kauntey Suryawanshi */,
				FA131C2E24683CBD005908FF /* MainMenu.storyboard */,
				FA262AE5240E9EEF00BFC2D1 /* Settings */,
				FAAFCD8A24588A68009E5E2E /* About */,
			);
			path = Views;
			sourceTree = "<group>";
		};
		FA51B9622469D5470095C8B7 /* Support */ = {
			isa = PBXGroup;
			children = (
				FACB31182951B40600BFB792 /* Errors */,
				FA2347462950D8E90017CF95 /* Constants.swift */,
				FA69AC8F23F9E2E700AA73FD /* Info.plist */,
				FA69AC9023F9E2E700AA73FD /* SlimHUD.entitlements */,
			);
			path = Support;
			sourceTree = "<group>";
		};
		FA5753462954D73B008518A1 /* SlimHUDUITests */ = {
			isa = PBXGroup;
			children = (
				FA7DACDF2954EBDA00E8DC7C /* SettingsUITest.swift */,
				FA5753492954D73B008518A1 /* SlimHUDUITestsLaunchTests.swift */,
			);
			path = SlimHUDUITests;
			sourceTree = "<group>";
		};
		FA5C77E8240B0753004E0937 /* Kauntey Suryawanshi */ = {
			isa = PBXGroup;
			children = (
				FA5C77E9240B077E004E0937 /* BaseView.swift */,
				FA5C77EB240B077E004E0937 /* DeterminateAnimation.swift */,
				FA5C77EA240B077E004E0937 /* ProgressBar.swift */,
			);
			path = "Kauntey Suryawanshi";
			sourceTree = "<group>";
		};
		FA69AC7A23F9E2E600AA73FD = {
			isa = PBXGroup;
			children = (
				FA69AC8523F9E2E600AA73FD /* SlimHUD */,
				FACB31222951B96200BFB792 /* SlimHUDTests */,
				FA5753462954D73B008518A1 /* SlimHUDUITests */,
				FA69AC8423F9E2E600AA73FD /* Products */,
			);
			sourceTree = "<group>";
		};
		FA69AC8423F9E2E600AA73FD /* Products */ = {
			isa = PBXGroup;
			children = (
				FA69AC8323F9E2E600AA73FD /* SlimHUD.app */,
				FACB31212951B96200BFB792 /* SlimHUDTests.xctest */,
				FA5753452954D73B008518A1 /* SlimHUDUITests.xctest */,
			);
			name = Products;
			sourceTree = "<group>";
		};
		FA69AC8523F9E2E600AA73FD /* SlimHUD */ = {
			isa = PBXGroup;
			children = (
				FAA1D19E29506E8B006F6936 /* Controllers */,
				FAA1D19C29506E66006F6936 /* Services */,
				FA69AC8623F9E2E600AA73FD /* AppDelegate.swift */,
				FAA1D19F29506E9F006F6936 /* Extensions */,
				FA51B9622469D5470095C8B7 /* Support */,
				FA51B9612469D52F0095C8B7 /* Views */,
				FA69AC8A23F9E2E700AA73FD /* Assets.xcassets */,
			);
			path = SlimHUD;
			sourceTree = "<group>";
		};
		FAA1D19C29506E66006F6936 /* Services */ = {
			isa = PBXGroup;
			children = (
				FAA2265C294E746D00E082CB /* OSDUIManager.swift */,
				FACD8CAF2950971A00B1A786 /* UserDefaultsManager.swift */,
				FA262AE1240E6AA000BFC2D1 /* SettingsManager.swift */,
				FA4264692950C1CF0046CD2C /* Displayer.swift */,
				FACD8CB329509ED100B1A786 /* PositionManager.swift */,
				FABE1FDB23FEF17E009AD01F /* KeyPressObserver.swift */,
				FA4264662950BD850046CD2C /* ChangesObserver.swift */,
				FAA1D1BA295073F4006F6936 /* DisplayManager.swift */,
				FACB31122951B00A00BFB792 /* AppleScriptRunner.swift */,
				FAA1D1C02950764D006F6936 /* KeyboardManager.swift */,
				FAA1D1B52950724B006F6936 /* VolumeManager.swift */,
				FA55D1E7247D49DC005D3E00 /* LoginItemList.swift */,
			);
			path = Services;
			sourceTree = "<group>";
		};
		FAA1D19E29506E8B006F6936 /* Controllers */ = {
			isa = PBXGroup;
			children = (
				FA51B95F2469D4510095C8B7 /* AboutWindowController.swift */,
				FA12C21024EA934800F92CA3 /* HudsControllerInterface.swift */,
				FAD58AAC2457139100E6E0D9 /* SettingsWindowController.swift */,
				FA12C21824EA9D5F00F92CA3 /* SettingsViewController */,
			);
			path = Controllers;
			sourceTree = "<group>";
		};
		FAA1D19F29506E9F006F6936 /* Extensions */ = {
			isa = PBXGroup;
			children = (
				FAA1D1AD29506F4F006F6936 /* NSSegmentedControlExtension.swift */,
				FACB31142951B01400BFB792 /* NSImageExtension.swift */,
				FAA1D1AA29506F25006F6936 /* NSViewExtension.swift */,
				FAA1D1A729506F0E006F6936 /* BoolExtension.swift */,
				FAA1D1A029506ED3006F6936 /* NSButtonExtension.swift */,
				FAA1D1A429506F00006F6936 /* NSControlExtension.swift */,
				FAA1D1C329507814006F6936 /* Position.swift */,
				FAA1D1C629509317006F6936 /* EnabledBars.swift */,
			);
			path = Extensions;
			sourceTree = "<group>";
		};
		FAAFCD8A24588A68009E5E2E /* About */ = {
			isa = PBXGroup;
			children = (
				FAAFCD8824588785009E5E2E /* AboutViewController.swift */,
				FAAFCD862458768E009E5E2E /* About.storyboard */,
			);
			path = About;
			sourceTree = "<group>";
		};
		FACB31072951ACDE00BFB792 /* BarView */ = {
			isa = PBXGroup;
			children = (
				FACB31092951ACE900BFB792 /* BarView.swift */,
				FACB31082951ACE900BFB792 /* BarView.xib */,
			);
			path = BarView;
			sourceTree = "<group>";
		};
		FACB31182951B40600BFB792 /* Errors */ = {
			isa = PBXGroup;
			children = (
				FA48AE4A29521CC900A9E0E2 /* SensorError.swift */,
			);
			path = Errors;
			sourceTree = "<group>";
		};
		FACB31222951B96200BFB792 /* SlimHUDTests */ = {
			isa = PBXGroup;
			children = (
				FACB312A2951B9E100BFB792 /* Services */,
				FACB31232951B96200BFB792 /* SlimHUDTests.swift */,
			);
			path = SlimHUDTests;
			sourceTree = "<group>";
		};
		FACB312A2951B9E100BFB792 /* Services */ = {
			isa = PBXGroup;
			children = (
				FACB312B2951B9F000BFB792 /* PositionManagerTests.swift */,
			);
			path = Services;
			sourceTree = "<group>";
		};
/* End PBXGroup section */

/* Begin PBXNativeTarget section */
		FA5753442954D73B008518A1 /* SlimHUDUITests */ = {
			isa = PBXNativeTarget;
			buildConfigurationList = FA57534F2954D73B008518A1 /* Build configuration list for PBXNativeTarget "SlimHUDUITests" */;
			buildPhases = (
				FA5753412954D73B008518A1 /* Sources */,
				FA5753422954D73B008518A1 /* Frameworks */,
				FA5753432954D73B008518A1 /* Resources */,
			);
			buildRules = (
			);
			dependencies = (
				FA57534C2954D73B008518A1 /* PBXTargetDependency */,
			);
			name = SlimHUDUITests;
			productName = SlimHUDUITests;
			productReference = FA5753452954D73B008518A1 /* SlimHUDUITests.xctest */;
			productType = "com.apple.product-type.bundle.ui-testing";
		};
		FA69AC8223F9E2E600AA73FD /* SlimHUD */ = {
			isa = PBXNativeTarget;
			buildConfigurationList = FA69AC9323F9E2E700AA73FD /* Build configuration list for PBXNativeTarget "SlimHUD" */;
			buildPhases = (
				FA69AC7F23F9E2E600AA73FD /* Sources */,
				FA69AC8123F9E2E600AA73FD /* Resources */,
				FAE5E633244387AB0029471E /* Frameworks */,
			);
			buildRules = (
			);
			dependencies = (
			);
			name = SlimHUD;
			packageProductDependencies = (
				FA48AE4D29522C1200A9E0E2 /* Sparkle */,
			);
			productName = SlimHUD;
			productReference = FA69AC8323F9E2E600AA73FD /* SlimHUD.app */;
			productType = "com.apple.product-type.application";
		};
		FACB31202951B96200BFB792 /* SlimHUDTests */ = {
			isa = PBXNativeTarget;
			buildConfigurationList = FACB31292951B96200BFB792 /* Build configuration list for PBXNativeTarget "SlimHUDTests" */;
			buildPhases = (
				FACB311D2951B96200BFB792 /* Sources */,
				FACB311E2951B96200BFB792 /* Frameworks */,
				FACB311F2951B96200BFB792 /* Resources */,
			);
			buildRules = (
			);
			dependencies = (
				FACB31262951B96200BFB792 /* PBXTargetDependency */,
			);
			name = SlimHUDTests;
			productName = SlimHUDTests;
			productReference = FACB31212951B96200BFB792 /* SlimHUDTests.xctest */;
			productType = "com.apple.product-type.bundle.unit-test";
		};
/* End PBXNativeTarget section */

/* Begin PBXProject section */
		FA69AC7B23F9E2E600AA73FD /* Project object */ = {
			isa = PBXProject;
			attributes = {
				LastSwiftUpdateCheck = 1420;
				LastUpgradeCheck = 1200;
				ORGANIZATIONNAME = "Alex Perathoner";
				TargetAttributes = {
					FA5753442954D73B008518A1 = {
						CreatedOnToolsVersion = 14.2;
						TestTargetID = FA69AC8223F9E2E600AA73FD;
					};
					FA69AC8223F9E2E600AA73FD = {
						CreatedOnToolsVersion = 11.3.1;
					};
					FACB31202951B96200BFB792 = {
						CreatedOnToolsVersion = 14.2;
						TestTargetID = FA69AC8223F9E2E600AA73FD;
					};
				};
			};
			buildConfigurationList = FA69AC7E23F9E2E600AA73FD /* Build configuration list for PBXProject "SlimHUD" */;
			compatibilityVersion = "Xcode 9.3";
			developmentRegion = en;
			hasScannedForEncodings = 0;
			knownRegions = (
				en,
				Base,
			);
			mainGroup = FA69AC7A23F9E2E600AA73FD;
			packageReferences = (
				FA48AE4C29522C1200A9E0E2 /* XCRemoteSwiftPackageReference "Sparkle" */,
			);
			productRefGroup = FA69AC8423F9E2E600AA73FD /* Products */;
			projectDirPath = "";
			projectRoot = "";
			targets = (
				FA69AC8223F9E2E600AA73FD /* SlimHUD */,
				FACB31202951B96200BFB792 /* SlimHUDTests */,
				FA5753442954D73B008518A1 /* SlimHUDUITests */,
			);
		};
/* End PBXProject section */

/* Begin PBXResourcesBuildPhase section */
		FA5753432954D73B008518A1 /* Resources */ = {
			isa = PBXResourcesBuildPhase;
			buildActionMask = 2147483647;
			files = (
			);
			runOnlyForDeploymentPostprocessing = 0;
		};
		FA69AC8123F9E2E600AA73FD /* Resources */ = {
			isa = PBXResourcesBuildPhase;
			buildActionMask = 2147483647;
			files = (
				FA131C2F24683CBD005908FF /* MainMenu.storyboard in Resources */,
				FACB310A2951ACE900BFB792 /* BarView.xib in Resources */,
				FAAFCD872458768E009E5E2E /* About.storyboard in Resources */,
				FAD58AAB24570B9F00E6E0D9 /* Settings.storyboard in Resources */,
				FA69AC8B23F9E2E700AA73FD /* Assets.xcassets in Resources */,
			);
			runOnlyForDeploymentPostprocessing = 0;
		};
		FACB311F2951B96200BFB792 /* Resources */ = {
			isa = PBXResourcesBuildPhase;
			buildActionMask = 2147483647;
			files = (
			);
			runOnlyForDeploymentPostprocessing = 0;
		};
/* End PBXResourcesBuildPhase section */

/* Begin PBXSourcesBuildPhase section */
		FA5753412954D73B008518A1 /* Sources */ = {
			isa = PBXSourcesBuildPhase;
			buildActionMask = 2147483647;
			files = (
				FA7DACE12954EBE400E8DC7C /* SettingsUITest.swift in Sources */,
				FA57534A2954D73B008518A1 /* SlimHUDUITestsLaunchTests.swift in Sources */,
			);
			runOnlyForDeploymentPostprocessing = 0;
		};
		FA69AC7F23F9E2E600AA73FD /* Sources */ = {
			isa = PBXSourcesBuildPhase;
			buildActionMask = 2147483647;
			files = (
				FACB310B2951ACE900BFB792 /* BarView.swift in Sources */,
				FACB31042951ACAF00BFB792 /* SettingsController.swift in Sources */,
				FA262AE2240E6AA000BFC2D1 /* SettingsManager.swift in Sources */,
				FAA1D1AE29506F4F006F6936 /* NSSegmentedControlExtension.swift in Sources */,
				FAA1D1AB29506F26006F6936 /* NSViewExtension.swift in Sources */,
				FABE1FDC23FEF17E009AD01F /* KeyPressObserver.swift in Sources */,
				FAA1D1A529506F00006F6936 /* NSControlExtension.swift in Sources */,
				FA55D1E8247D49DC005D3E00 /* LoginItemList.swift in Sources */,
				FA48AE4B29521CC900A9E0E2 /* SensorError.swift in Sources */,
				FACD8CB02950971A00B1A786 /* UserDefaultsManager.swift in Sources */,
				FA69AC8723F9E2E600AA73FD /* AppDelegate.swift in Sources */,
				FAA1D1C429507814006F6936 /* Position.swift in Sources */,
				FAA1D1A829506F0E006F6936 /* BoolExtension.swift in Sources */,
				FA5C77EC240B077E004E0937 /* BaseView.swift in Sources */,
				FA12C21524EA93A500F92CA3 /* SettingsViewController+Position.swift in Sources */,
				FA4264672950BD850046CD2C /* ChangesObserver.swift in Sources */,
				FACB31152951B01400BFB792 /* NSImageExtension.swift in Sources */,
				FA12C21324EA937800F92CA3 /* SettingsViewController+General.swift in Sources */,
				FA12C21724EA93DF00F92CA3 /* SettingsViewController+Style.swift in Sources */,
				FAF5F6532406D1480011B766 /* Hud.swift in Sources */,
				FA5C77ED240B077E004E0937 /* ProgressBar.swift in Sources */,
				FA262AE0240E6A9900BFC2D1 /* SettingsViewController.swift in Sources */,
				FAA1D1A129506ED3006F6936 /* NSButtonExtension.swift in Sources */,
				FA42646A2950C1CF0046CD2C /* Displayer.swift in Sources */,
				FA5C77EE240B077E004E0937 /* DeterminateAnimation.swift in Sources */,
				FAA1D1BB295073F4006F6936 /* DisplayManager.swift in Sources */,
				FAD58AAD2457139100E6E0D9 /* SettingsWindowController.swift in Sources */,
				FAA2265D294E746D00E082CB /* OSDUIManager.swift in Sources */,
				FA51B9602469D4510095C8B7 /* AboutWindowController.swift in Sources */,
				FAA1D1C12950764D006F6936 /* KeyboardManager.swift in Sources */,
				FA2347472950D8E90017CF95 /* Constants.swift in Sources */,
				FACD8CB429509ED100B1A786 /* PositionManager.swift in Sources */,
				FAAFCD8924588785009E5E2E /* AboutViewController.swift in Sources */,
				FA12C21124EA934800F92CA3 /* HudsControllerInterface.swift in Sources */,
				FACB31132951B00A00BFB792 /* AppleScriptRunner.swift in Sources */,
				FAA1D1B62950724B006F6936 /* VolumeManager.swift in Sources */,
				FAA1D1C729509317006F6936 /* EnabledBars.swift in Sources */,
			);
			runOnlyForDeploymentPostprocessing = 0;
		};
		FACB311D2951B96200BFB792 /* Sources */ = {
			isa = PBXSourcesBuildPhase;
			buildActionMask = 2147483647;
			files = (
				FACB312C2951B9F000BFB792 /* PositionManagerTests.swift in Sources */,
				FACB31242951B96200BFB792 /* SlimHUDTests.swift in Sources */,
			);
			runOnlyForDeploymentPostprocessing = 0;
		};
/* End PBXSourcesBuildPhase section */

/* Begin PBXTargetDependency section */
		FA57534C2954D73B008518A1 /* PBXTargetDependency */ = {
			isa = PBXTargetDependency;
			target = FA69AC8223F9E2E600AA73FD /* SlimHUD */;
			targetProxy = FA57534B2954D73B008518A1 /* PBXContainerItemProxy */;
		};
		FACB31262951B96200BFB792 /* PBXTargetDependency */ = {
			isa = PBXTargetDependency;
			target = FA69AC8223F9E2E600AA73FD /* SlimHUD */;
			targetProxy = FACB31252951B96200BFB792 /* PBXContainerItemProxy */;
		};
/* End PBXTargetDependency section */

/* Begin XCBuildConfiguration section */
		FA57534D2954D73B008518A1 /* Debug */ = {
			isa = XCBuildConfiguration;
			buildSettings = {
				CLANG_CXX_LANGUAGE_STANDARD = "gnu++20";
				CODE_SIGN_IDENTITY = "Apple Development";
				"CODE_SIGN_IDENTITY[sdk=macosx*]" = "-";
				CODE_SIGN_STYLE = Automatic;
				CURRENT_PROJECT_VERSION = 1;
				DEVELOPMENT_TEAM = XX9N244QQT;
				GENERATE_INFOPLIST_FILE = YES;
				MACOSX_DEPLOYMENT_TARGET = 12.0;
				MARKETING_VERSION = 1.0;
				PRODUCT_BUNDLE_IDENTIFIER = AlexP.SlimHUD.SlimHUDUITests;
				PRODUCT_NAME = "$(TARGET_NAME)";
				PROVISIONING_PROFILE_SPECIFIER = "";
				SWIFT_EMIT_LOC_STRINGS = NO;
				SWIFT_VERSION = 5.0;
				TEST_TARGET_NAME = SlimHUD;
			};
			name = Debug;
		};
		FA57534E2954D73B008518A1 /* Release */ = {
			isa = XCBuildConfiguration;
			buildSettings = {
				CLANG_CXX_LANGUAGE_STANDARD = "gnu++20";
				CODE_SIGN_IDENTITY = "Apple Development";
				"CODE_SIGN_IDENTITY[sdk=macosx*]" = "-";
				CODE_SIGN_STYLE = Automatic;
				CURRENT_PROJECT_VERSION = 1;
				DEVELOPMENT_TEAM = XX9N244QQT;
				GENERATE_INFOPLIST_FILE = YES;
				MACOSX_DEPLOYMENT_TARGET = 12.0;
				MARKETING_VERSION = 1.0;
				PRODUCT_BUNDLE_IDENTIFIER = AlexP.SlimHUD.SlimHUDUITests;
				PRODUCT_NAME = "$(TARGET_NAME)";
				PROVISIONING_PROFILE_SPECIFIER = "";
				SWIFT_EMIT_LOC_STRINGS = NO;
				SWIFT_VERSION = 5.0;
				TEST_TARGET_NAME = SlimHUD;
			};
			name = Release;
		};
		FA69AC9123F9E2E700AA73FD /* Debug */ = {
			isa = XCBuildConfiguration;
			buildSettings = {
				ALWAYS_SEARCH_USER_PATHS = NO;
				CLANG_ANALYZER_NONNULL = YES;
				CLANG_ANALYZER_NUMBER_OBJECT_CONVERSION = YES_AGGRESSIVE;
				CLANG_CXX_LANGUAGE_STANDARD = "gnu++14";
				CLANG_CXX_LIBRARY = "libc++";
				CLANG_ENABLE_MODULES = YES;
				CLANG_ENABLE_OBJC_ARC = YES;
				CLANG_ENABLE_OBJC_WEAK = YES;
				CLANG_WARN_BLOCK_CAPTURE_AUTORELEASING = YES;
				CLANG_WARN_BOOL_CONVERSION = YES;
				CLANG_WARN_COMMA = YES;
				CLANG_WARN_CONSTANT_CONVERSION = YES;
				CLANG_WARN_DEPRECATED_OBJC_IMPLEMENTATIONS = YES;
				CLANG_WARN_DIRECT_OBJC_ISA_USAGE = YES_ERROR;
				CLANG_WARN_DOCUMENTATION_COMMENTS = YES;
				CLANG_WARN_EMPTY_BODY = YES;
				CLANG_WARN_ENUM_CONVERSION = YES;
				CLANG_WARN_INFINITE_RECURSION = YES;
				CLANG_WARN_INT_CONVERSION = YES;
				CLANG_WARN_NON_LITERAL_NULL_CONVERSION = YES;
				CLANG_WARN_OBJC_IMPLICIT_RETAIN_SELF = YES;
				CLANG_WARN_OBJC_LITERAL_CONVERSION = YES;
				CLANG_WARN_OBJC_ROOT_CLASS = YES_ERROR;
				CLANG_WARN_QUOTED_INCLUDE_IN_FRAMEWORK_HEADER = YES;
				CLANG_WARN_RANGE_LOOP_ANALYSIS = YES;
				CLANG_WARN_STRICT_PROTOTYPES = YES;
				CLANG_WARN_SUSPICIOUS_MOVE = YES;
				CLANG_WARN_UNGUARDED_AVAILABILITY = YES_AGGRESSIVE;
				CLANG_WARN_UNREACHABLE_CODE = YES;
				CLANG_WARN__DUPLICATE_METHOD_MATCH = YES;
				COPY_PHASE_STRIP = NO;
				DEBUG_INFORMATION_FORMAT = dwarf;
				ENABLE_STRICT_OBJC_MSGSEND = YES;
				ENABLE_TESTABILITY = YES;
				GCC_C_LANGUAGE_STANDARD = gnu11;
				GCC_DYNAMIC_NO_PIC = NO;
				GCC_NO_COMMON_BLOCKS = YES;
				GCC_OPTIMIZATION_LEVEL = 0;
				GCC_PREPROCESSOR_DEFINITIONS = (
					"DEBUG=1",
					"$(inherited)",
				);
				GCC_WARN_64_TO_32_BIT_CONVERSION = YES;
				GCC_WARN_ABOUT_RETURN_TYPE = YES_ERROR;
				GCC_WARN_UNDECLARED_SELECTOR = YES;
				GCC_WARN_UNINITIALIZED_AUTOS = YES_AGGRESSIVE;
				GCC_WARN_UNUSED_FUNCTION = YES;
				GCC_WARN_UNUSED_VARIABLE = YES;
				GENERATE_MASTER_OBJECT_FILE = NO;
				MACOSX_DEPLOYMENT_TARGET = 10.13;
				MTL_ENABLE_DEBUG_INFO = INCLUDE_SOURCE;
				MTL_FAST_MATH = YES;
				ONLY_ACTIVE_ARCH = YES;
				SDKROOT = macosx;
				SWIFT_ACTIVE_COMPILATION_CONDITIONS = DEBUG;
				SWIFT_OPTIMIZATION_LEVEL = "-Onone";
				SWIFT_VERSION = 5.0;
			};
			name = Debug;
		};
		FA69AC9223F9E2E700AA73FD /* Release */ = {
			isa = XCBuildConfiguration;
			buildSettings = {
				ALWAYS_SEARCH_USER_PATHS = NO;
				CLANG_ANALYZER_NONNULL = YES;
				CLANG_ANALYZER_NUMBER_OBJECT_CONVERSION = YES_AGGRESSIVE;
				CLANG_CXX_LANGUAGE_STANDARD = "gnu++14";
				CLANG_CXX_LIBRARY = "libc++";
				CLANG_ENABLE_MODULES = YES;
				CLANG_ENABLE_OBJC_ARC = YES;
				CLANG_ENABLE_OBJC_WEAK = YES;
				CLANG_WARN_BLOCK_CAPTURE_AUTORELEASING = YES;
				CLANG_WARN_BOOL_CONVERSION = YES;
				CLANG_WARN_COMMA = YES;
				CLANG_WARN_CONSTANT_CONVERSION = YES;
				CLANG_WARN_DEPRECATED_OBJC_IMPLEMENTATIONS = YES;
				CLANG_WARN_DIRECT_OBJC_ISA_USAGE = YES_ERROR;
				CLANG_WARN_DOCUMENTATION_COMMENTS = YES;
				CLANG_WARN_EMPTY_BODY = YES;
				CLANG_WARN_ENUM_CONVERSION = YES;
				CLANG_WARN_INFINITE_RECURSION = YES;
				CLANG_WARN_INT_CONVERSION = YES;
				CLANG_WARN_NON_LITERAL_NULL_CONVERSION = YES;
				CLANG_WARN_OBJC_IMPLICIT_RETAIN_SELF = YES;
				CLANG_WARN_OBJC_LITERAL_CONVERSION = YES;
				CLANG_WARN_OBJC_ROOT_CLASS = YES_ERROR;
				CLANG_WARN_QUOTED_INCLUDE_IN_FRAMEWORK_HEADER = YES;
				CLANG_WARN_RANGE_LOOP_ANALYSIS = YES;
				CLANG_WARN_STRICT_PROTOTYPES = YES;
				CLANG_WARN_SUSPICIOUS_MOVE = YES;
				CLANG_WARN_UNGUARDED_AVAILABILITY = YES_AGGRESSIVE;
				CLANG_WARN_UNREACHABLE_CODE = YES;
				CLANG_WARN__DUPLICATE_METHOD_MATCH = YES;
				COPY_PHASE_STRIP = NO;
				DEBUG_INFORMATION_FORMAT = "dwarf-with-dsym";
				ENABLE_NS_ASSERTIONS = NO;
				ENABLE_STRICT_OBJC_MSGSEND = YES;
				GCC_C_LANGUAGE_STANDARD = gnu11;
				GCC_NO_COMMON_BLOCKS = YES;
				GCC_WARN_64_TO_32_BIT_CONVERSION = YES;
				GCC_WARN_ABOUT_RETURN_TYPE = YES_ERROR;
				GCC_WARN_UNDECLARED_SELECTOR = YES;
				GCC_WARN_UNINITIALIZED_AUTOS = YES_AGGRESSIVE;
				GCC_WARN_UNUSED_FUNCTION = YES;
				GCC_WARN_UNUSED_VARIABLE = YES;
				GENERATE_MASTER_OBJECT_FILE = NO;
				MACOSX_DEPLOYMENT_TARGET = 10.13;
				MTL_ENABLE_DEBUG_INFO = NO;
				MTL_FAST_MATH = YES;
				SDKROOT = macosx;
				SWIFT_COMPILATION_MODE = wholemodule;
				SWIFT_OPTIMIZATION_LEVEL = "-O";
				SWIFT_VERSION = 5.0;
			};
			name = Release;
		};
		FA69AC9423F9E2E700AA73FD /* Debug */ = {
			isa = XCBuildConfiguration;
			buildSettings = {
				ASSETCATALOG_COMPILER_APPICON_NAME = AppIcon;
				BUILD_LIBRARY_FOR_DISTRIBUTION = NO;
				CODE_SIGN_ENTITLEMENTS = SlimHUD/Support/SlimHUD.entitlements;
				CODE_SIGN_IDENTITY = "Apple Development";
				"CODE_SIGN_IDENTITY[sdk=macosx*]" = "-";
				CODE_SIGN_STYLE = Automatic;
				COMBINE_HIDPI_IMAGES = YES;
				CURRENT_PROJECT_VERSION = 1.3.8;
				DEVELOPMENT_TEAM = XX9N244QQT;
				ENABLE_HARDENED_RUNTIME = NO;
				FRAMEWORK_SEARCH_PATHS = (
					"$(inherited)",
					"$(PROJECT_DIR)/SlimHUD",
					"$(PROJECT_DIR)",
				);
				INFOPLIST_FILE = SlimHUD/Support/Info.plist;
				INFOPLIST_KEY_LSApplicationCategoryType = "public.app-category.utilities";
				LD_RUNPATH_SEARCH_PATHS = (
					"$(inherited)",
					"@executable_path/../Frameworks",
				);
				LIBRARY_SEARCH_PATHS = (
					"$(inherited)",
					"$(SYSTEM_LIBRARY_DIR)/PrivateFrameworks/DisplayServices.framework/Versions/A",
				);
				MACOSX_DEPLOYMENT_TARGET = 10.13;
				MARKETING_VERSION = 1.3.8;
				PRODUCT_BUNDLE_IDENTIFIER = AlexP.SlimHUD;
				PRODUCT_NAME = "$(TARGET_NAME)";
				PROVISIONING_PROFILE_SPECIFIER = "";
				SKIP_INSTALL = NO;
				STRIP_INSTALLED_PRODUCT = YES;
				SWIFT_VERSION = 5.0;
			};
			name = Debug;
		};
		FA69AC9523F9E2E700AA73FD /* Release */ = {
			isa = XCBuildConfiguration;
			buildSettings = {
				ASSETCATALOG_COMPILER_APPICON_NAME = AppIcon;
				BUILD_LIBRARY_FOR_DISTRIBUTION = NO;
				CODE_SIGN_ENTITLEMENTS = SlimHUD/Support/SlimHUD.entitlements;
				CODE_SIGN_IDENTITY = "Apple Development";
				"CODE_SIGN_IDENTITY[sdk=macosx*]" = "-";
				CODE_SIGN_STYLE = Automatic;
				COMBINE_HIDPI_IMAGES = YES;
				CURRENT_PROJECT_VERSION = 1.3.8;
				DEVELOPMENT_TEAM = XX9N244QQT;
				ENABLE_HARDENED_RUNTIME = NO;
				FRAMEWORK_SEARCH_PATHS = (
					"$(inherited)",
					"$(PROJECT_DIR)/SlimHUD",
					"$(PROJECT_DIR)",
				);
				INFOPLIST_FILE = SlimHUD/Support/Info.plist;
				INFOPLIST_KEY_LSApplicationCategoryType = "public.app-category.utilities";
				LD_RUNPATH_SEARCH_PATHS = (
					"$(inherited)",
					"@executable_path/../Frameworks",
				);
				LIBRARY_SEARCH_PATHS = (
					"$(inherited)",
					"$(SYSTEM_LIBRARY_DIR)/PrivateFrameworks/DisplayServices.framework/Versions/A",
				);
				MACOSX_DEPLOYMENT_TARGET = 10.13;
				MARKETING_VERSION = 1.3.8;
				ONLY_ACTIVE_ARCH = YES;
				PRODUCT_BUNDLE_IDENTIFIER = AlexP.SlimHUD;
				PRODUCT_NAME = "$(TARGET_NAME)";
				PROVISIONING_PROFILE_SPECIFIER = "";
				SKIP_INSTALL = NO;
				STRIP_INSTALLED_PRODUCT = YES;
				SWIFT_VERSION = 5.0;
			};
			name = Release;
		};
		FACB31272951B96200BFB792 /* Debug */ = {
			isa = XCBuildConfiguration;
			buildSettings = {
				BUNDLE_LOADER = "$(TEST_HOST)";
				CLANG_CXX_LANGUAGE_STANDARD = "gnu++20";
				CODE_SIGN_IDENTITY = "Apple Development";
				"CODE_SIGN_IDENTITY[sdk=macosx*]" = "-";
				CODE_SIGN_STYLE = Automatic;
				CURRENT_PROJECT_VERSION = 1;
				DEVELOPMENT_TEAM = XX9N244QQT;
				GENERATE_INFOPLIST_FILE = YES;
				MACOSX_DEPLOYMENT_TARGET = 12.0;
				MARKETING_VERSION = 1.0;
				PRODUCT_BUNDLE_IDENTIFIER = AlexP.SlimHUD.SlimHUDTests;
				PRODUCT_NAME = "$(TARGET_NAME)";
				PROVISIONING_PROFILE_SPECIFIER = "";
				SWIFT_EMIT_LOC_STRINGS = NO;
				SWIFT_VERSION = 5.0;
				TEST_HOST = "$(BUILT_PRODUCTS_DIR)/SlimHUD.app/$(BUNDLE_EXECUTABLE_FOLDER_PATH)/SlimHUD";
			};
			name = Debug;
		};
		FACB31282951B96200BFB792 /* Release */ = {
			isa = XCBuildConfiguration;
			buildSettings = {
				BUNDLE_LOADER = "$(TEST_HOST)";
				CLANG_CXX_LANGUAGE_STANDARD = "gnu++20";
				CODE_SIGN_IDENTITY = "Apple Development";
				"CODE_SIGN_IDENTITY[sdk=macosx*]" = "-";
				CODE_SIGN_STYLE = Automatic;
				CURRENT_PROJECT_VERSION = 1;
				DEVELOPMENT_TEAM = XX9N244QQT;
				GENERATE_INFOPLIST_FILE = YES;
				MACOSX_DEPLOYMENT_TARGET = 12.0;
				MARKETING_VERSION = 1.0;
				PRODUCT_BUNDLE_IDENTIFIER = AlexP.SlimHUD.SlimHUDTests;
				PRODUCT_NAME = "$(TARGET_NAME)";
				PROVISIONING_PROFILE_SPECIFIER = "";
				SWIFT_EMIT_LOC_STRINGS = NO;
				SWIFT_VERSION = 5.0;
				TEST_HOST = "$(BUILT_PRODUCTS_DIR)/SlimHUD.app/$(BUNDLE_EXECUTABLE_FOLDER_PATH)/SlimHUD";
			};
			name = Release;
		};
/* End XCBuildConfiguration section */

/* Begin XCConfigurationList section */
		FA57534F2954D73B008518A1 /* Build configuration list for PBXNativeTarget "SlimHUDUITests" */ = {
			isa = XCConfigurationList;
			buildConfigurations = (
				FA57534D2954D73B008518A1 /* Debug */,
				FA57534E2954D73B008518A1 /* Release */,
			);
			defaultConfigurationIsVisible = 0;
			defaultConfigurationName = Release;
		};
		FA69AC7E23F9E2E600AA73FD /* Build configuration list for PBXProject "SlimHUD" */ = {
			isa = XCConfigurationList;
			buildConfigurations = (
				FA69AC9123F9E2E700AA73FD /* Debug */,
				FA69AC9223F9E2E700AA73FD /* Release */,
			);
			defaultConfigurationIsVisible = 0;
			defaultConfigurationName = Release;
		};
		FA69AC9323F9E2E700AA73FD /* Build configuration list for PBXNativeTarget "SlimHUD" */ = {
			isa = XCConfigurationList;
			buildConfigurations = (
				FA69AC9423F9E2E700AA73FD /* Debug */,
				FA69AC9523F9E2E700AA73FD /* Release */,
			);
			defaultConfigurationIsVisible = 0;
			defaultConfigurationName = Release;
		};
		FACB31292951B96200BFB792 /* Build configuration list for PBXNativeTarget "SlimHUDTests" */ = {
			isa = XCConfigurationList;
			buildConfigurations = (
				FACB31272951B96200BFB792 /* Debug */,
				FACB31282951B96200BFB792 /* Release */,
			);
			defaultConfigurationIsVisible = 0;
			defaultConfigurationName = Release;
		};
/* End XCConfigurationList section */

/* Begin XCRemoteSwiftPackageReference section */
		FA48AE4C29522C1200A9E0E2 /* XCRemoteSwiftPackageReference "Sparkle" */ = {
			isa = XCRemoteSwiftPackageReference;
			repositoryURL = "https://github.com/sparkle-project/Sparkle";
			requirement = {
				kind = upToNextMajorVersion;
				minimumVersion = 2.0.0;
			};
		};
/* End XCRemoteSwiftPackageReference section */

/* Begin XCSwiftPackageProductDependency section */
		FA48AE4D29522C1200A9E0E2 /* Sparkle */ = {
			isa = XCSwiftPackageProductDependency;
			package = FA48AE4C29522C1200A9E0E2 /* XCRemoteSwiftPackageReference "Sparkle" */;
			productName = Sparkle;
		};
/* End XCSwiftPackageProductDependency section */
	};
	rootObject = FA69AC7B23F9E2E600AA73FD /* Project object */;
}
