// !$*UTF8*$!
{
	archiveVersion = 1;
	classes = {
	};
	objectVersion = 50;
	objects = {

/* Begin PBXBuildFile section */
		1219E06918EE24D5484AA823 /* Pods_SlimHUD.framework in Frameworks */ = {isa = PBXBuildFile; fileRef = 335F277FDB5CB464DEAB1AF9 /* Pods_SlimHUD.framework */; };
		FA262AE0240E6A9900BFC2D1 /* SettingsViewController.swift in Sources */ = {isa = PBXBuildFile; fileRef = FA262ADF240E6A9900BFC2D1 /* SettingsViewController.swift */; };
		FA262AE2240E6AA000BFC2D1 /* SettingsController.swift in Sources */ = {isa = PBXBuildFile; fileRef = FA262AE1240E6AA000BFC2D1 /* SettingsController.swift */; };
		FA55B98C2423FE180071E6D9 /* Extensions.swift in Sources */ = {isa = PBXBuildFile; fileRef = FA55B98B2423FE180071E6D9 /* Extensions.swift */; };
		FA5C77EC240B077E004E0937 /* BaseView.swift in Sources */ = {isa = PBXBuildFile; fileRef = FA5C77E9240B077E004E0937 /* BaseView.swift */; };
		FA5C77ED240B077E004E0937 /* ProgressBar.swift in Sources */ = {isa = PBXBuildFile; fileRef = FA5C77EA240B077E004E0937 /* ProgressBar.swift */; };
		FA5C77EE240B077E004E0937 /* DeterminateAnimation.swift in Sources */ = {isa = PBXBuildFile; fileRef = FA5C77EB240B077E004E0937 /* DeterminateAnimation.swift */; };
		FA69AC8723F9E2E600AA73FD /* AppDelegate.swift in Sources */ = {isa = PBXBuildFile; fileRef = FA69AC8623F9E2E600AA73FD /* AppDelegate.swift */; };
		FA69AC8B23F9E2E700AA73FD /* Assets.xcassets in Resources */ = {isa = PBXBuildFile; fileRef = FA69AC8A23F9E2E700AA73FD /* Assets.xcassets */; };
		FA78F53F242FA73000785678 /* SettingsPreview.swift in Sources */ = {isa = PBXBuildFile; fileRef = FA78F53E242FA73000785678 /* SettingsPreview.swift */; };
		FA8822C624460BEF00A3FEE7 /* LaunchAtLogin.framework in Frameworks */ = {isa = PBXBuildFile; fileRef = FA8822C424460BE400A3FEE7 /* LaunchAtLogin.framework */; };
		FA8822C724460BEF00A3FEE7 /* LaunchAtLogin.framework in Embed Frameworks */ = {isa = PBXBuildFile; fileRef = FA8822C424460BE400A3FEE7 /* LaunchAtLogin.framework */; settings = {ATTRIBUTES = (CodeSignOnCopy, RemoveHeadersOnCopy, ); }; };
		FAAFCD872458768E009E5E2E /* About.storyboard in Resources */ = {isa = PBXBuildFile; fileRef = FAAFCD862458768E009E5E2E /* About.storyboard */; };
		FAAFCD8924588785009E5E2E /* AboutViewController.swift in Sources */ = {isa = PBXBuildFile; fileRef = FAAFCD8824588785009E5E2E /* AboutViewController.swift */; };
		FABE1FDA23FEF17B009AD01F /* AppleScript.swift in Sources */ = {isa = PBXBuildFile; fileRef = FABE1FD923FEF17B009AD01F /* AppleScript.swift */; };
		FABE1FDC23FEF17E009AD01F /* ObserverApplication.swift in Sources */ = {isa = PBXBuildFile; fileRef = FABE1FDB23FEF17E009AD01F /* ObserverApplication.swift */; };
		FABE1FE323FEF679009AD01F /* BarView.xib in Resources */ = {isa = PBXBuildFile; fileRef = FABE1FE223FEF679009AD01F /* BarView.xib */; };
		FAD58AAB24570B9F00E6E0D9 /* Settings.storyboard in Resources */ = {isa = PBXBuildFile; fileRef = FAD58AAA24570B9F00E6E0D9 /* Settings.storyboard */; };
		FAD58AAD2457139100E6E0D9 /* SettingsWindowController.swift in Sources */ = {isa = PBXBuildFile; fileRef = FAD58AAC2457139100E6E0D9 /* SettingsWindowController.swift */; };
		FAF5F6532406D1480011B766 /* Hud.swift in Sources */ = {isa = PBXBuildFile; fileRef = FAF5F6522406D1480011B766 /* Hud.swift */; };
		FAF5F6552408445F0011B766 /* dbrightness in Resources */ = {isa = PBXBuildFile; fileRef = FAF5F6542408445F0011B766 /* dbrightness */; };
		FAF5F658240875800011B766 /* LICENSE in Resources */ = {isa = PBXBuildFile; fileRef = FAF5F6572408757F0011B766 /* LICENSE */; };
/* End PBXBuildFile section */

/* Begin PBXCopyFilesBuildPhase section */
		FAE5E639244387CD0029471E /* Embed Frameworks */ = {
			isa = PBXCopyFilesBuildPhase;
			buildActionMask = 12;
			dstPath = "";
			dstSubfolderSpec = 10;
			files = (
				FA8822C724460BEF00A3FEE7 /* LaunchAtLogin.framework in Embed Frameworks */,
			);
			name = "Embed Frameworks";
			runOnlyForDeploymentPostprocessing = 0;
		};
/* End PBXCopyFilesBuildPhase section */

/* Begin PBXFileReference section */
		335F277FDB5CB464DEAB1AF9 /* Pods_SlimHUD.framework */ = {isa = PBXFileReference; explicitFileType = wrapper.framework; includeInIndex = 0; path = Pods_SlimHUD.framework; sourceTree = BUILT_PRODUCTS_DIR; };
		A76B91BA76461B0592D9CAA5 /* Pods-SlimHUD.debug.xcconfig */ = {isa = PBXFileReference; includeInIndex = 1; lastKnownFileType = text.xcconfig; name = "Pods-SlimHUD.debug.xcconfig"; path = "Target Support Files/Pods-SlimHUD/Pods-SlimHUD.debug.xcconfig"; sourceTree = "<group>"; };
		B4665C4192BCA42C48DA9C4D /* Pods-SlimHUD.release.xcconfig */ = {isa = PBXFileReference; includeInIndex = 1; lastKnownFileType = text.xcconfig; name = "Pods-SlimHUD.release.xcconfig"; path = "Target Support Files/Pods-SlimHUD/Pods-SlimHUD.release.xcconfig"; sourceTree = "<group>"; };
		FA262ADF240E6A9900BFC2D1 /* SettingsViewController.swift */ = {isa = PBXFileReference; lastKnownFileType = sourcecode.swift; path = SettingsViewController.swift; sourceTree = "<group>"; };
		FA262AE1240E6AA000BFC2D1 /* SettingsController.swift */ = {isa = PBXFileReference; lastKnownFileType = sourcecode.swift; path = SettingsController.swift; sourceTree = "<group>"; };
		FA55B98B2423FE180071E6D9 /* Extensions.swift */ = {isa = PBXFileReference; lastKnownFileType = sourcecode.swift; path = Extensions.swift; sourceTree = "<group>"; };
		FA5C77E9240B077E004E0937 /* BaseView.swift */ = {isa = PBXFileReference; fileEncoding = 4; lastKnownFileType = sourcecode.swift; path = BaseView.swift; sourceTree = "<group>"; };
		FA5C77EA240B077E004E0937 /* ProgressBar.swift */ = {isa = PBXFileReference; fileEncoding = 4; lastKnownFileType = sourcecode.swift; path = ProgressBar.swift; sourceTree = "<group>"; };
		FA5C77EB240B077E004E0937 /* DeterminateAnimation.swift */ = {isa = PBXFileReference; fileEncoding = 4; lastKnownFileType = sourcecode.swift; path = DeterminateAnimation.swift; sourceTree = "<group>"; };
		FA69AC8323F9E2E600AA73FD /* SlimHUD.app */ = {isa = PBXFileReference; explicitFileType = wrapper.application; includeInIndex = 0; path = SlimHUD.app; sourceTree = BUILT_PRODUCTS_DIR; };
		FA69AC8623F9E2E600AA73FD /* AppDelegate.swift */ = {isa = PBXFileReference; lastKnownFileType = sourcecode.swift; path = AppDelegate.swift; sourceTree = "<group>"; };
		FA69AC8A23F9E2E700AA73FD /* Assets.xcassets */ = {isa = PBXFileReference; lastKnownFileType = folder.assetcatalog; path = Assets.xcassets; sourceTree = "<group>"; };
		FA69AC8F23F9E2E700AA73FD /* Info.plist */ = {isa = PBXFileReference; lastKnownFileType = text.plist.xml; path = Info.plist; sourceTree = "<group>"; };
		FA69AC9023F9E2E700AA73FD /* SlimHUD.entitlements */ = {isa = PBXFileReference; lastKnownFileType = text.plist.entitlements; path = SlimHUD.entitlements; sourceTree = "<group>"; };
		FA78F53E242FA73000785678 /* SettingsPreview.swift */ = {isa = PBXFileReference; lastKnownFileType = sourcecode.swift; path = SettingsPreview.swift; sourceTree = "<group>"; };
		FA8822C424460BE400A3FEE7 /* LaunchAtLogin.framework */ = {isa = PBXFileReference; lastKnownFileType = wrapper.framework; path = LaunchAtLogin.framework; sourceTree = "<group>"; };
		FAAFCD862458768E009E5E2E /* About.storyboard */ = {isa = PBXFileReference; lastKnownFileType = file.storyboard; path = About.storyboard; sourceTree = "<group>"; };
		FAAFCD8824588785009E5E2E /* AboutViewController.swift */ = {isa = PBXFileReference; lastKnownFileType = sourcecode.swift; path = AboutViewController.swift; sourceTree = "<group>"; };
		FABE1FD923FEF17B009AD01F /* AppleScript.swift */ = {isa = PBXFileReference; fileEncoding = 4; lastKnownFileType = sourcecode.swift; path = AppleScript.swift; sourceTree = "<group>"; };
		FABE1FDB23FEF17E009AD01F /* ObserverApplication.swift */ = {isa = PBXFileReference; fileEncoding = 4; lastKnownFileType = sourcecode.swift; path = ObserverApplication.swift; sourceTree = "<group>"; };
		FABE1FE223FEF679009AD01F /* BarView.xib */ = {isa = PBXFileReference; lastKnownFileType = file.xib; path = BarView.xib; sourceTree = "<group>"; };
		FAD58AAA24570B9F00E6E0D9 /* Settings.storyboard */ = {isa = PBXFileReference; lastKnownFileType = file.storyboard; path = Settings.storyboard; sourceTree = "<group>"; };
		FAD58AAC2457139100E6E0D9 /* SettingsWindowController.swift */ = {isa = PBXFileReference; lastKnownFileType = sourcecode.swift; path = SettingsWindowController.swift; sourceTree = "<group>"; };
		FAF5F6522406D1480011B766 /* Hud.swift */ = {isa = PBXFileReference; lastKnownFileType = sourcecode.swift; path = Hud.swift; sourceTree = "<group>"; };
		FAF5F6542408445F0011B766 /* dbrightness */ = {isa = PBXFileReference; lastKnownFileType = "compiled.mach-o.executable"; path = dbrightness; sourceTree = "<group>"; };
		FAF5F6572408757F0011B766 /* LICENSE */ = {isa = PBXFileReference; fileEncoding = 4; lastKnownFileType = text; path = LICENSE; sourceTree = "<group>"; };
/* End PBXFileReference section */

/* Begin PBXFrameworksBuildPhase section */
		FAE5E633244387AB0029471E /* Frameworks */ = {
			isa = PBXFrameworksBuildPhase;
			buildActionMask = 2147483647;
			files = (
				FA8822C624460BEF00A3FEE7 /* LaunchAtLogin.framework in Frameworks */,
				1219E06918EE24D5484AA823 /* Pods_SlimHUD.framework in Frameworks */,
			);
			runOnlyForDeploymentPostprocessing = 0;
		};
/* End PBXFrameworksBuildPhase section */

/* Begin PBXGroup section */
		2C740C1723CB20354D1E13A6 /* Pods */ = {
			isa = PBXGroup;
			children = (
				A76B91BA76461B0592D9CAA5 /* Pods-SlimHUD.debug.xcconfig */,
				B4665C4192BCA42C48DA9C4D /* Pods-SlimHUD.release.xcconfig */,
			);
			name = Pods;
			path = Pods;
			sourceTree = "<group>";
		};
		FA262AE5240E9EEF00BFC2D1 /* Settings */ = {
			isa = PBXGroup;
			children = (
				FAD58AAA24570B9F00E6E0D9 /* Settings.storyboard */,
				FA262AE1240E6AA000BFC2D1 /* SettingsController.swift */,
				FA262ADF240E6A9900BFC2D1 /* SettingsViewController.swift */,
				FAD58AAC2457139100E6E0D9 /* SettingsWindowController.swift */,
				FA78F53E242FA73000785678 /* SettingsPreview.swift */,
			);
			path = Settings;
			sourceTree = "<group>";
		};
		FA5C77E8240B0753004E0937 /* Kauntey Suryawanshi */ = {
			isa = PBXGroup;
			children = (
				FA5C77E9240B077E004E0937 /* BaseView.swift */,
				FA5C77EB240B077E004E0937 /* DeterminateAnimation.swift */,
				FA5C77EA240B077E004E0937 /* ProgressBar.swift */,
			);
			path = "Kauntey Suryawanshi";
			sourceTree = "<group>";
		};
		FA69AC7A23F9E2E600AA73FD = {
			isa = PBXGroup;
			children = (
				FA69AC8523F9E2E600AA73FD /* SlimHUD */,
				FA69AC8423F9E2E600AA73FD /* Products */,
				FAE5E634244387C70029471E /* Frameworks */,
				2C740C1723CB20354D1E13A6 /* Pods */,
			);
			sourceTree = "<group>";
		};
		FA69AC8423F9E2E600AA73FD /* Products */ = {
			isa = PBXGroup;
			children = (
				FA69AC8323F9E2E600AA73FD /* SlimHUD.app */,
			);
			name = Products;
			sourceTree = "<group>";
		};
		FA69AC8523F9E2E600AA73FD /* SlimHUD */ = {
			isa = PBXGroup;
			children = (
				FABE1FDB23FEF17E009AD01F /* ObserverApplication.swift */,
				FA69AC8623F9E2E600AA73FD /* AppDelegate.swift */,
				FA55B98B2423FE180071E6D9 /* Extensions.swift */,
				FA262AE5240E9EEF00BFC2D1 /* Settings */,
				FAAFCD8A24588A68009E5E2E /* About */,
				FAF5F6522406D1480011B766 /* Hud.swift */,
				FABE1FD923FEF17B009AD01F /* AppleScript.swift */,
				FA69AC8A23F9E2E700AA73FD /* Assets.xcassets */,
				FABE1FE223FEF679009AD01F /* BarView.xib */,
				FA69AC8F23F9E2E700AA73FD /* Info.plist */,
				FA69AC9023F9E2E700AA73FD /* SlimHUD.entitlements */,
				FA5C77E8240B0753004E0937 /* Kauntey Suryawanshi */,
				FAF5F656240875670011B766 /* Nick Sweeting */,
			);
			path = SlimHUD;
			sourceTree = "<group>";
		};
		FAAFCD8A24588A68009E5E2E /* About */ = {
			isa = PBXGroup;
			children = (
				FAAFCD8824588785009E5E2E /* AboutViewController.swift */,
				FAAFCD862458768E009E5E2E /* About.storyboard */,
			);
			path = About;
			sourceTree = "<group>";
		};
		FAE5E634244387C70029471E /* Frameworks */ = {
			isa = PBXGroup;
			children = (
				FA8822C424460BE400A3FEE7 /* LaunchAtLogin.framework */,
				335F277FDB5CB464DEAB1AF9 /* Pods_SlimHUD.framework */,
			);
			name = Frameworks;
			sourceTree = "<group>";
		};
		FAF5F656240875670011B766 /* Nick Sweeting */ = {
			isa = PBXGroup;
			children = (
				FAF5F6572408757F0011B766 /* LICENSE */,
				FAF5F6542408445F0011B766 /* dbrightness */,
			);
			path = "Nick Sweeting";
			sourceTree = "<group>";
		};
/* End PBXGroup section */

/* Begin PBXNativeTarget section */
		FA69AC8223F9E2E600AA73FD /* SlimHUD */ = {
			isa = PBXNativeTarget;
			buildConfigurationList = FA69AC9323F9E2E700AA73FD /* Build configuration list for PBXNativeTarget "SlimHUD" */;
			buildPhases = (
				6C92E8366EB7453FD3714FCE /* [CP] Check Pods Manifest.lock */,
				FA69AC7F23F9E2E600AA73FD /* Sources */,
				FA69AC8123F9E2E600AA73FD /* Resources */,
				FAE5E633244387AB0029471E /* Frameworks */,
				FAE5E639244387CD0029471E /* Embed Frameworks */,
				FACC92F924478872009AE081 /* ShellScript */,
				665749C72B21B13DDD9DC418 /* [CP] Embed Pods Frameworks */,
			);
			buildRules = (
			);
			dependencies = (
			);
			name = SlimHUD;
			productName = SlimHUD;
			productReference = FA69AC8323F9E2E600AA73FD /* SlimHUD.app */;
			productType = "com.apple.product-type.application";
		};
/* End PBXNativeTarget section */

/* Begin PBXProject section */
		FA69AC7B23F9E2E600AA73FD /* Project object */ = {
			isa = PBXProject;
			attributes = {
				LastSwiftUpdateCheck = 1130;
				LastUpgradeCheck = 1140;
				ORGANIZATIONNAME = "Alex Perathoner";
				TargetAttributes = {
					FA69AC8223F9E2E600AA73FD = {
						CreatedOnToolsVersion = 11.3.1;
					};
				};
			};
			buildConfigurationList = FA69AC7E23F9E2E600AA73FD /* Build configuration list for PBXProject "SlimHUD" */;
			compatibilityVersion = "Xcode 9.3";
			developmentRegion = en;
			hasScannedForEncodings = 0;
			knownRegions = (
				en,
				Base,
			);
			mainGroup = FA69AC7A23F9E2E600AA73FD;
			productRefGroup = FA69AC8423F9E2E600AA73FD /* Products */;
			projectDirPath = "";
			projectRoot = "";
			targets = (
				FA69AC8223F9E2E600AA73FD /* SlimHUD */,
			);
		};
/* End PBXProject section */

/* Begin PBXResourcesBuildPhase section */
		FA69AC8123F9E2E600AA73FD /* Resources */ = {
			isa = PBXResourcesBuildPhase;
			buildActionMask = 2147483647;
			files = (
				FAF5F6552408445F0011B766 /* dbrightness in Resources */,
				FABE1FE323FEF679009AD01F /* BarView.xib in Resources */,
				FAAFCD872458768E009E5E2E /* About.storyboard in Resources */,
				FAD58AAB24570B9F00E6E0D9 /* Settings.storyboard in Resources */,
				FAF5F658240875800011B766 /* LICENSE in Resources */,
				FA69AC8B23F9E2E700AA73FD /* Assets.xcassets in Resources */,
			);
			runOnlyForDeploymentPostprocessing = 0;
		};
/* End PBXResourcesBuildPhase section */

/* Begin PBXShellScriptBuildPhase section */
		665749C72B21B13DDD9DC418 /* [CP] Embed Pods Frameworks */ = {
			isa = PBXShellScriptBuildPhase;
			buildActionMask = 2147483647;
			files = (
			);
			inputFileListPaths = (
				"${PODS_ROOT}/Target Support Files/Pods-SlimHUD/Pods-SlimHUD-frameworks-${CONFIGURATION}-input-files.xcfilelist",
			);
			name = "[CP] Embed Pods Frameworks";
			outputFileListPaths = (
				"${PODS_ROOT}/Target Support Files/Pods-SlimHUD/Pods-SlimHUD-frameworks-${CONFIGURATION}-output-files.xcfilelist",
			);
			runOnlyForDeploymentPostprocessing = 0;
			shellPath = /bin/sh;
			shellScript = "\"${PODS_ROOT}/Target Support Files/Pods-SlimHUD/Pods-SlimHUD-frameworks.sh\"\n";
			showEnvVarsInLog = 0;
		};
		6C92E8366EB7453FD3714FCE /* [CP] Check Pods Manifest.lock */ = {
			isa = PBXShellScriptBuildPhase;
			buildActionMask = 2147483647;
			files = (
			);
			inputFileListPaths = (
			);
			inputPaths = (
				"${PODS_PODFILE_DIR_PATH}/Podfile.lock",
				"${PODS_ROOT}/Manifest.lock",
			);
			name = "[CP] Check Pods Manifest.lock";
			outputFileListPaths = (
			);
			outputPaths = (
				"$(DERIVED_FILE_DIR)/Pods-SlimHUD-checkManifestLockResult.txt",
			);
			runOnlyForDeploymentPostprocessing = 0;
			shellPath = /bin/sh;
			shellScript = "diff \"${PODS_PODFILE_DIR_PATH}/Podfile.lock\" \"${PODS_ROOT}/Manifest.lock\" > /dev/null\nif [ $? != 0 ] ; then\n    # print error to STDERR\n    echo \"error: The sandbox is not in sync with the Podfile.lock. Run 'pod install' or update your CocoaPods installation.\" >&2\n    exit 1\nfi\n# This output is used by Xcode 'outputs' to avoid re-running this script phase.\necho \"SUCCESS\" > \"${SCRIPT_OUTPUT_FILE_0}\"\n";
			showEnvVarsInLog = 0;
		};
		FACC92F924478872009AE081 /* ShellScript */ = {
			isa = PBXShellScriptBuildPhase;
			buildActionMask = 2147483647;
			files = (
			);
			inputFileListPaths = (
			);
			inputPaths = (
			);
			outputFileListPaths = (
			);
			outputPaths = (
			);
			runOnlyForDeploymentPostprocessing = 0;
			shellPath = /bin/sh;
			shellScript = "# Type a script or drag a script file from your workspace to insert its path.\n\"${PROJECT_DIR}/LaunchAtLogin.framework/Resources/copy-helper.sh\"\n";
		};
/* End PBXShellScriptBuildPhase section */

/* Begin PBXSourcesBuildPhase section */
		FA69AC7F23F9E2E600AA73FD /* Sources */ = {
			isa = PBXSourcesBuildPhase;
			buildActionMask = 2147483647;
			files = (
				FA262AE2240E6AA000BFC2D1 /* SettingsController.swift in Sources */,
				FABE1FDC23FEF17E009AD01F /* ObserverApplication.swift in Sources */,
				FA69AC8723F9E2E600AA73FD /* AppDelegate.swift in Sources */,
				FABE1FDA23FEF17B009AD01F /* AppleScript.swift in Sources */,
				FA5C77EC240B077E004E0937 /* BaseView.swift in Sources */,
				FA55B98C2423FE180071E6D9 /* Extensions.swift in Sources */,
				FAF5F6532406D1480011B766 /* Hud.swift in Sources */,
				FA5C77ED240B077E004E0937 /* ProgressBar.swift in Sources */,
				FA262AE0240E6A9900BFC2D1 /* SettingsViewController.swift in Sources */,
				FA5C77EE240B077E004E0937 /* DeterminateAnimation.swift in Sources */,
				FAD58AAD2457139100E6E0D9 /* SettingsWindowController.swift in Sources */,
				FAAFCD8924588785009E5E2E /* AboutViewController.swift in Sources */,
				FA78F53F242FA73000785678 /* SettingsPreview.swift in Sources */,
			);
			runOnlyForDeploymentPostprocessing = 0;
		};
/* End PBXSourcesBuildPhase section */

/* Begin XCBuildConfiguration section */
		FA69AC9123F9E2E700AA73FD /* Debug */ = {
			isa = XCBuildConfiguration;
			buildSettings = {
				ALWAYS_SEARCH_USER_PATHS = NO;
				CLANG_ANALYZER_NONNULL = YES;
				CLANG_ANALYZER_NUMBER_OBJECT_CONVERSION = YES_AGGRESSIVE;
				CLANG_CXX_LANGUAGE_STANDARD = "gnu++14";
				CLANG_CXX_LIBRARY = "libc++";
				CLANG_ENABLE_MODULES = YES;
				CLANG_ENABLE_OBJC_ARC = YES;
				CLANG_ENABLE_OBJC_WEAK = YES;
				CLANG_WARN_BLOCK_CAPTURE_AUTORELEASING = YES;
				CLANG_WARN_BOOL_CONVERSION = YES;
				CLANG_WARN_COMMA = YES;
				CLANG_WARN_CONSTANT_CONVERSION = YES;
				CLANG_WARN_DEPRECATED_OBJC_IMPLEMENTATIONS = YES;
				CLANG_WARN_DIRECT_OBJC_ISA_USAGE = YES_ERROR;
				CLANG_WARN_DOCUMENTATION_COMMENTS = YES;
				CLANG_WARN_EMPTY_BODY = YES;
				CLANG_WARN_ENUM_CONVERSION = YES;
				CLANG_WARN_INFINITE_RECURSION = YES;
				CLANG_WARN_INT_CONVERSION = YES;
				CLANG_WARN_NON_LITERAL_NULL_CONVERSION = YES;
				CLANG_WARN_OBJC_IMPLICIT_RETAIN_SELF = YES;
				CLANG_WARN_OBJC_LITERAL_CONVERSION = YES;
				CLANG_WARN_OBJC_ROOT_CLASS = YES_ERROR;
				CLANG_WARN_RANGE_LOOP_ANALYSIS = YES;
				CLANG_WARN_STRICT_PROTOTYPES = YES;
				CLANG_WARN_SUSPICIOUS_MOVE = YES;
				CLANG_WARN_UNGUARDED_AVAILABILITY = YES_AGGRESSIVE;
				CLANG_WARN_UNREACHABLE_CODE = YES;
				CLANG_WARN__DUPLICATE_METHOD_MATCH = YES;
				COPY_PHASE_STRIP = NO;
				DEBUG_INFORMATION_FORMAT = dwarf;
				ENABLE_STRICT_OBJC_MSGSEND = YES;
				ENABLE_TESTABILITY = YES;
				GCC_C_LANGUAGE_STANDARD = gnu11;
				GCC_DYNAMIC_NO_PIC = NO;
				GCC_NO_COMMON_BLOCKS = YES;
				GCC_OPTIMIZATION_LEVEL = 0;
				GCC_PREPROCESSOR_DEFINITIONS = (
					"DEBUG=1",
					"$(inherited)",
				);
				GCC_WARN_64_TO_32_BIT_CONVERSION = YES;
				GCC_WARN_ABOUT_RETURN_TYPE = YES_ERROR;
				GCC_WARN_UNDECLARED_SELECTOR = YES;
				GCC_WARN_UNINITIALIZED_AUTOS = YES_AGGRESSIVE;
				GCC_WARN_UNUSED_FUNCTION = YES;
				GCC_WARN_UNUSED_VARIABLE = YES;
				GENERATE_MASTER_OBJECT_FILE = NO;
				MACOSX_DEPLOYMENT_TARGET = 10.13;
				MTL_ENABLE_DEBUG_INFO = INCLUDE_SOURCE;
				MTL_FAST_MATH = YES;
				ONLY_ACTIVE_ARCH = YES;
				SDKROOT = macosx;
				SWIFT_ACTIVE_COMPILATION_CONDITIONS = DEBUG;
				SWIFT_OPTIMIZATION_LEVEL = "-Onone";
				SWIFT_VERSION = 5.0;
			};
			name = Debug;
		};
		FA69AC9223F9E2E700AA73FD /* Release */ = {
			isa = XCBuildConfiguration;
			buildSettings = {
				ALWAYS_SEARCH_USER_PATHS = NO;
				CLANG_ANALYZER_NONNULL = YES;
				CLANG_ANALYZER_NUMBER_OBJECT_CONVERSION = YES_AGGRESSIVE;
				CLANG_CXX_LANGUAGE_STANDARD = "gnu++14";
				CLANG_CXX_LIBRARY = "libc++";
				CLANG_ENABLE_MODULES = YES;
				CLANG_ENABLE_OBJC_ARC = YES;
				CLANG_ENABLE_OBJC_WEAK = YES;
				CLANG_WARN_BLOCK_CAPTURE_AUTORELEASING = YES;
				CLANG_WARN_BOOL_CONVERSION = YES;
				CLANG_WARN_COMMA = YES;
				CLANG_WARN_CONSTANT_CONVERSION = YES;
				CLANG_WARN_DEPRECATED_OBJC_IMPLEMENTATIONS = YES;
				CLANG_WARN_DIRECT_OBJC_ISA_USAGE = YES_ERROR;
				CLANG_WARN_DOCUMENTATION_COMMENTS = YES;
				CLANG_WARN_EMPTY_BODY = YES;
				CLANG_WARN_ENUM_CONVERSION = YES;
				CLANG_WARN_INFINITE_RECURSION = YES;
				CLANG_WARN_INT_CONVERSION = YES;
				CLANG_WARN_NON_LITERAL_NULL_CONVERSION = YES;
				CLANG_WARN_OBJC_IMPLICIT_RETAIN_SELF = YES;
				CLANG_WARN_OBJC_LITERAL_CONVERSION = YES;
				CLANG_WARN_OBJC_ROOT_CLASS = YES_ERROR;
				CLANG_WARN_RANGE_LOOP_ANALYSIS = YES;
				CLANG_WARN_STRICT_PROTOTYPES = YES;
				CLANG_WARN_SUSPICIOUS_MOVE = YES;
				CLANG_WARN_UNGUARDED_AVAILABILITY = YES_AGGRESSIVE;
				CLANG_WARN_UNREACHABLE_CODE = YES;
				CLANG_WARN__DUPLICATE_METHOD_MATCH = YES;
				COPY_PHASE_STRIP = NO;
				DEBUG_INFORMATION_FORMAT = "dwarf-with-dsym";
				ENABLE_NS_ASSERTIONS = NO;
				ENABLE_STRICT_OBJC_MSGSEND = YES;
				GCC_C_LANGUAGE_STANDARD = gnu11;
				GCC_NO_COMMON_BLOCKS = YES;
				GCC_WARN_64_TO_32_BIT_CONVERSION = YES;
				GCC_WARN_ABOUT_RETURN_TYPE = YES_ERROR;
				GCC_WARN_UNDECLARED_SELECTOR = YES;
				GCC_WARN_UNINITIALIZED_AUTOS = YES_AGGRESSIVE;
				GCC_WARN_UNUSED_FUNCTION = YES;
				GCC_WARN_UNUSED_VARIABLE = YES;
				GENERATE_MASTER_OBJECT_FILE = NO;
				MACOSX_DEPLOYMENT_TARGET = 10.13;
				MTL_ENABLE_DEBUG_INFO = NO;
				MTL_FAST_MATH = YES;
				SDKROOT = macosx;
				SWIFT_COMPILATION_MODE = wholemodule;
				SWIFT_OPTIMIZATION_LEVEL = "-O";
				SWIFT_VERSION = 5.0;
			};
			name = Release;
		};
		FA69AC9423F9E2E700AA73FD /* Debug */ = {
			isa = XCBuildConfiguration;
			baseConfigurationReference = A76B91BA76461B0592D9CAA5 /* Pods-SlimHUD.debug.xcconfig */;
			buildSettings = {
				ASSETCATALOG_COMPILER_APPICON_NAME = AppIcon;
				BUILD_LIBRARY_FOR_DISTRIBUTION = NO;
				CODE_SIGN_ENTITLEMENTS = SlimHUD/SlimHUD.entitlements;
				CODE_SIGN_IDENTITY = "-";
				CODE_SIGN_STYLE = Automatic;
				COMBINE_HIDPI_IMAGES = YES;
				DEVELOPMENT_TEAM = "";
				ENABLE_HARDENED_RUNTIME = NO;
				FRAMEWORK_SEARCH_PATHS = (
					"$(inherited)",
					"$(PROJECT_DIR)/SlimHUD/Nick\\ Sweeting",
					"$(PROJECT_DIR)/SlimHUD",
					"$(PROJECT_DIR)/Carthage/Build/Mac",
					"$(PROJECT_DIR)",
				);
				INFOPLIST_FILE = SlimHUD/Info.plist;
				LD_RUNPATH_SEARCH_PATHS = (
					"$(inherited)",
					"@executable_path/../Frameworks",
				);
				LIBRARY_SEARCH_PATHS = "$(PROJECT_DIR)/Carthage/Build/Mac";
				MACOSX_DEPLOYMENT_TARGET = 10.14;
				MARKETING_VERSION = 1.3.0;
				PRODUCT_BUNDLE_IDENTIFIER = AlexP.SlimHUD;
				PRODUCT_NAME = "$(TARGET_NAME)";
				SKIP_INSTALL = NO;
				STRIP_INSTALLED_PRODUCT = YES;
				SWIFT_VERSION = 5.0;
			};
			name = Debug;
		};
		FA69AC9523F9E2E700AA73FD /* Release */ = {
			isa = XCBuildConfiguration;
			baseConfigurationReference = B4665C4192BCA42C48DA9C4D /* Pods-SlimHUD.release.xcconfig */;
			buildSettings = {
				ASSETCATALOG_COMPILER_APPICON_NAME = AppIcon;
				BUILD_LIBRARY_FOR_DISTRIBUTION = NO;
				CODE_SIGN_ENTITLEMENTS = SlimHUD/SlimHUD.entitlements;
				CODE_SIGN_IDENTITY = "-";
				CODE_SIGN_STYLE = Automatic;
				COMBINE_HIDPI_IMAGES = YES;
				DEVELOPMENT_TEAM = "";
				ENABLE_HARDENED_RUNTIME = NO;
				FRAMEWORK_SEARCH_PATHS = (
					"$(inherited)",
					"$(PROJECT_DIR)/SlimHUD/Nick\\ Sweeting",
					"$(PROJECT_DIR)/SlimHUD",
					"$(PROJECT_DIR)/Carthage/Build/Mac",
					"$(PROJECT_DIR)",
				);
				INFOPLIST_FILE = SlimHUD/Info.plist;
				LD_RUNPATH_SEARCH_PATHS = (
					"$(inherited)",
					"@executable_path/../Frameworks",
				);
				LIBRARY_SEARCH_PATHS = "$(PROJECT_DIR)/Carthage/Build/Mac";
				MACOSX_DEPLOYMENT_TARGET = 10.14;
				MARKETING_VERSION = 1.3.0;
				ONLY_ACTIVE_ARCH = YES;
				PRODUCT_BUNDLE_IDENTIFIER = AlexP.SlimHUD;
				PRODUCT_NAME = "$(TARGET_NAME)";
				SKIP_INSTALL = NO;
				STRIP_INSTALLED_PRODUCT = YES;
				SWIFT_VERSION = 5.0;
			};
			name = Release;
		};
/* End XCBuildConfiguration section */

/* Begin XCConfigurationList section */
		FA69AC7E23F9E2E600AA73FD /* Build configuration list for PBXProject "SlimHUD" */ = {
			isa = XCConfigurationList;
			buildConfigurations = (
				FA69AC9123F9E2E700AA73FD /* Debug */,
				FA69AC9223F9E2E700AA73FD /* Release */,
			);
			defaultConfigurationIsVisible = 0;
			defaultConfigurationName = Release;
		};
		FA69AC9323F9E2E700AA73FD /* Build configuration list for PBXNativeTarget "SlimHUD" */ = {
			isa = XCConfigurationList;
			buildConfigurations = (
				FA69AC9423F9E2E700AA73FD /* Debug */,
				FA69AC9523F9E2E700AA73FD /* Release */,
			);
			defaultConfigurationIsVisible = 0;
			defaultConfigurationName = Release;
		};
/* End XCConfigurationList section */
	};
	rootObject = FA69AC7B23F9E2E600AA73FD /* Project object */;
}
